// !$*UTF8*$!
{
	archiveVersion = 1;
	classes = {
	};
	objectVersion = 46;
	objects = {

/* Begin PBXBuildFile section */
		0A266F0D1ED33B34009CD0D7 /* CALayer.swift in Sources */ = {isa = PBXBuildFile; fileRef = 0A266F0C1ED33B34009CD0D7 /* CALayer.swift */; };
		0A266F0F1ED33B65009CD0D7 /* CAGradientLayer.swift in Sources */ = {isa = PBXBuildFile; fileRef = 0A266F0E1ED33B65009CD0D7 /* CAGradientLayer.swift */; };
		0A266F201ED374F5009CD0D7 /* AssertDumpsEqual.swift in Sources */ = {isa = PBXBuildFile; fileRef = 0A266F1F1ED374F5009CD0D7 /* AssertDumpsEqual.swift */; };
		0A266F861ED59DC7009CD0D7 /* Alicerce.framework in Frameworks */ = {isa = PBXBuildFile; fileRef = 0A3C2D711EA7E3E800EFB7D4 /* Alicerce.framework */; };
		0A266F8C1ED59FB6009CD0D7 /* AnalyticsTestCase.swift in Sources */ = {isa = PBXBuildFile; fileRef = 1B57E9871EB15F510027AB30 /* AnalyticsTestCase.swift */; };
		0A266F8D1ED59FB6009CD0D7 /* ConfigurationTestCase.swift in Sources */ = {isa = PBXBuildFile; fileRef = 1B57E98C1EB2128F0027AB30 /* ConfigurationTestCase.swift */; };
		0A266F8E1ED59FB6009CD0D7 /* EventTestCase.swift in Sources */ = {isa = PBXBuildFile; fileRef = 1B57E98E1EB22D860027AB30 /* EventTestCase.swift */; };
		0A266F8F1ED59FB6009CD0D7 /* PageTestCase.swift in Sources */ = {isa = PBXBuildFile; fileRef = 1B57E9901EB22E970027AB30 /* PageTestCase.swift */; };
		0A266F901ED59FB6009CD0D7 /* Route+ComponentTests.swift in Sources */ = {isa = PBXBuildFile; fileRef = 0A3C2D0A1EA7E1EE00EFB7D4 /* Route+ComponentTests.swift */; };
		0A266F911ED59FB6009CD0D7 /* Route+Tree_AddTests.swift in Sources */ = {isa = PBXBuildFile; fileRef = 0A3C2D0B1EA7E1EE00EFB7D4 /* Route+Tree_AddTests.swift */; };
		0A266F921ED59FB6009CD0D7 /* Route+Tree_InitTests.swift in Sources */ = {isa = PBXBuildFile; fileRef = 0A3C2D0C1EA7E1EE00EFB7D4 /* Route+Tree_InitTests.swift */; };
		0A266F931ED59FB6009CD0D7 /* Route+Tree_MatchTests.swift in Sources */ = {isa = PBXBuildFile; fileRef = 0A3C2D0D1EA7E1EE00EFB7D4 /* Route+Tree_MatchTests.swift */; };
		0A266F941ED59FB6009CD0D7 /* Route+Tree_RemoveTests.swift in Sources */ = {isa = PBXBuildFile; fileRef = 0A3C2D0E1EA7E1EE00EFB7D4 /* Route+Tree_RemoveTests.swift */; };
		0A266F951ED59FB6009CD0D7 /* TreeRouterTests.swift in Sources */ = {isa = PBXBuildFile; fileRef = 0A3C2D0F1EA7E1EE00EFB7D4 /* TreeRouterTests.swift */; };
		0A266F961ED59FB6009CD0D7 /* DataTestCase.swift in Sources */ = {isa = PBXBuildFile; fileRef = 0A3C2D111EA7E1EE00EFB7D4 /* DataTestCase.swift */; };
		0A266F971ED59FB6009CD0D7 /* OptionalTests.swift in Sources */ = {isa = PBXBuildFile; fileRef = 0A3C2D121EA7E1EE00EFB7D4 /* OptionalTests.swift */; };
		0A266F981ED59FB6009CD0D7 /* ThreadTests.swift in Sources */ = {isa = PBXBuildFile; fileRef = 0A3C2D131EA7E1EE00EFB7D4 /* ThreadTests.swift */; };
		0A266F991ED59FB6009CD0D7 /* ColoredLevelTests.swift in Sources */ = {isa = PBXBuildFile; fileRef = 0A3C2D151EA7E1EE00EFB7D4 /* ColoredLevelTests.swift */; };
		0A266F9A1ED59FB6009CD0D7 /* ConsoleLogDestinationTests.swift in Sources */ = {isa = PBXBuildFile; fileRef = 0A3C2D161EA7E1EE00EFB7D4 /* ConsoleLogDestinationTests.swift */; };
		0A266F9B1ED59FB6009CD0D7 /* Log+StringLogDestination.swift in Sources */ = {isa = PBXBuildFile; fileRef = 0A3C2D181EA7E1EE00EFB7D4 /* Log+StringLogDestination.swift */; };
		0A266F9C1ED59FB6009CD0D7 /* FileLogDestinationTests.swift in Sources */ = {isa = PBXBuildFile; fileRef = 0A3C2D191EA7E1EE00EFB7D4 /* FileLogDestinationTests.swift */; };
		0A266F9D1ED59FB6009CD0D7 /* JSONLogItemFormatterTests.swift in Sources */ = {isa = PBXBuildFile; fileRef = 0A3C2D1A1EA7E1EE00EFB7D4 /* JSONLogItemFormatterTests.swift */; };
		0A266F9E1ED59FB6009CD0D7 /* LogTests.swift in Sources */ = {isa = PBXBuildFile; fileRef = 0A3C2D1B1EA7E1EE00EFB7D4 /* LogTests.swift */; };
		0A266F9F1ED59FB6009CD0D7 /* NodeLogDestinationTests.swift in Sources */ = {isa = PBXBuildFile; fileRef = 0A3C2D1C1EA7E1EE00EFB7D4 /* NodeLogDestinationTests.swift */; };
		0A266FA01ED59FB6009CD0D7 /* StringLogItemFormatterTests.swift in Sources */ = {isa = PBXBuildFile; fileRef = 0A3C2D1D1EA7E1EE00EFB7D4 /* StringLogItemFormatterTests.swift */; };
		0A266FA11ED59FB6009CD0D7 /* JSONTests.swift in Sources */ = {isa = PBXBuildFile; fileRef = 0ABFFAC51EA8FCA300CFC8BD /* JSONTests.swift */; };
		0A266FA21ED59FB6009CD0D7 /* MappableModel.swift in Sources */ = {isa = PBXBuildFile; fileRef = 0A3C2D201EA7E1EE00EFB7D4 /* MappableModel.swift */; };
		0A266FA31ED59FB6009CD0D7 /* MappableTestCase.swift in Sources */ = {isa = PBXBuildFile; fileRef = 0A3C2D211EA7E1EE00EFB7D4 /* MappableTestCase.swift */; };
		0A266FA41ED59FB6009CD0D7 /* MockNetworkStack.swift in Sources */ = {isa = PBXBuildFile; fileRef = 0A83888E1EB209D100C1E835 /* MockNetworkStack.swift */; };
		0A266FA51ED59FB6009CD0D7 /* NetworkTestCase.swift in Sources */ = {isa = PBXBuildFile; fileRef = 0A3C2D221EA7E1EE00EFB7D4 /* NetworkTestCase.swift */; };
		0A266FA61ED59FB6009CD0D7 /* ParseTestCase.swift in Sources */ = {isa = PBXBuildFile; fileRef = 0A3C2D231EA7E1EE00EFB7D4 /* ParseTestCase.swift */; };
		0A266FA71ED59FB6009CD0D7 /* URLSessionNetworkStackTestCase.swift in Sources */ = {isa = PBXBuildFile; fileRef = 0A3C2D241EA7E1EE00EFB7D4 /* URLSessionNetworkStackTestCase.swift */; };
		0A266FA81ED59FB6009CD0D7 /* CoreDataStackOperationTests.swift in Sources */ = {isa = PBXBuildFile; fileRef = 0A8388711EB206C800C1E835 /* CoreDataStackOperationTests.swift */; };
		0A266FA91ED59FB6009CD0D7 /* CoreDataStackSetupTests.swift in Sources */ = {isa = PBXBuildFile; fileRef = 0A8388721EB206C800C1E835 /* CoreDataStackSetupTests.swift */; };
		0A266FAA1ED59FB6009CD0D7 /* MockCoreDataStack.swift in Sources */ = {isa = PBXBuildFile; fileRef = 0A8388741EB206C800C1E835 /* MockCoreDataStack.swift */; };
		0A266FAB1ED59FB6009CD0D7 /* DiskMemoryPersistenceTestCase.swift in Sources */ = {isa = PBXBuildFile; fileRef = 0A83888C1EB2088C00C1E835 /* DiskMemoryPersistenceTestCase.swift */; };
		0A266FAC1ED59FB6009CD0D7 /* MockPersistenceStack.swift in Sources */ = {isa = PBXBuildFile; fileRef = 0A83886E1EB2068E00C1E835 /* MockPersistenceStack.swift */; };
		0A266FAD1ED59FB6009CD0D7 /* CAGradientLayerTestCase.swift in Sources */ = {isa = PBXBuildFile; fileRef = 0A266F131ED33D9F009CD0D7 /* CAGradientLayerTestCase.swift */; };
		0A266FAE1ED59FB6009CD0D7 /* CALayerTestCase.swift in Sources */ = {isa = PBXBuildFile; fileRef = 0A266F111ED33CDE009CD0D7 /* CALayerTestCase.swift */; };
		0A266FAF1ED59FB6009CD0D7 /* NetworkResourceTestCase.swift in Sources */ = {isa = PBXBuildFile; fileRef = 0A3C2D361EA7E1EE00EFB7D4 /* NetworkResourceTestCase.swift */; };
		0A266FB01ED59FB6009CD0D7 /* ResourceTestCase.swift in Sources */ = {isa = PBXBuildFile; fileRef = 0A3C2D371EA7E1EE00EFB7D4 /* ResourceTestCase.swift */; };
		0A266FB11ED59FB6009CD0D7 /* StoreTestCase.swift in Sources */ = {isa = PBXBuildFile; fileRef = 0A83886C1EB2064200C1E835 /* StoreTestCase.swift */; };
		0A266FB21ED59FB6009CD0D7 /* CollectionReusableViewTestCase.swift in Sources */ = {isa = PBXBuildFile; fileRef = 0A7476CD1ECB4C48003024D1 /* CollectionReusableViewTestCase.swift */; };
		0A266FB31ED59FB6009CD0D7 /* CollectionViewCellTestCase.swift in Sources */ = {isa = PBXBuildFile; fileRef = 0A7476CF1ECB4D15003024D1 /* CollectionViewCellTestCase.swift */; };
		0A266FB41ED59FB6009CD0D7 /* TableViewCellTestCase.swift in Sources */ = {isa = PBXBuildFile; fileRef = 0A7476D11ECB4D5B003024D1 /* TableViewCellTestCase.swift */; };
		0A266FB51ED59FB6009CD0D7 /* TableViewHeaderFooterViewTestCase.swift in Sources */ = {isa = PBXBuildFile; fileRef = 0A7476CB1ECB48B2003024D1 /* TableViewHeaderFooterViewTestCase.swift */; };
		0A266FB61ED59FB6009CD0D7 /* UIColorTestCase.swift in Sources */ = {isa = PBXBuildFile; fileRef = 0A3C2D391EA7E1EE00EFB7D4 /* UIColorTestCase.swift */; };
		0A266FB71ED59FB6009CD0D7 /* UIViewControllerTestCase.swift in Sources */ = {isa = PBXBuildFile; fileRef = 0A3C2D3A1EA7E1EE00EFB7D4 /* UIViewControllerTestCase.swift */; };
		0A266FB81ED59FB6009CD0D7 /* ServiceLocatorTests.swift in Sources */ = {isa = PBXBuildFile; fileRef = 0A3C2D3C1EA7E1EE00EFB7D4 /* ServiceLocatorTests.swift */; };
		0A266FB91ED59FB6009CD0D7 /* AssertDumpsEqualTestCase.swift in Sources */ = {isa = PBXBuildFile; fileRef = 0A266F231ED37708009CD0D7 /* AssertDumpsEqualTestCase.swift */; };
		0A266FBA1ED59FB6009CD0D7 /* Utils.swift in Sources */ = {isa = PBXBuildFile; fileRef = 0A3C2D3D1EA7E1EE00EFB7D4 /* Utils.swift */; };
		0A266FBD1ED59FCD009CD0D7 /* MockErrorManagedObjectContext.m in Sources */ = {isa = PBXBuildFile; fileRef = 0A8388761EB206C800C1E835 /* MockErrorManagedObjectContext.m */; };
		0A266FBE1ED59FCD009CD0D7 /* CoreDataStackModel.xcdatamodeld in Sources */ = {isa = PBXBuildFile; fileRef = 0A8388791EB206C800C1E835 /* CoreDataStackModel.xcdatamodeld */; };
		0A266FBF1ED59FCD009CD0D7 /* EmptyCoreDataStackModel.xcdatamodeld in Sources */ = {isa = PBXBuildFile; fileRef = 0A83887C1EB206C800C1E835 /* EmptyCoreDataStackModel.xcdatamodeld */; };
		0A266FC01ED59FE3009CD0D7 /* mr-minder.png in Resources */ = {isa = PBXBuildFile; fileRef = 0A3C2D641EA7E26300EFB7D4 /* mr-minder.png */; };
		0A266FC11ED59FE6009CD0D7 /* CoreDataStackModel.bundle in Resources */ = {isa = PBXBuildFile; fileRef = 0A8388781EB206C800C1E835 /* CoreDataStackModel.bundle */; };
		0A266FC21ED59FE8009CD0D7 /* EmptyCoreDataStackModel.bundle in Resources */ = {isa = PBXBuildFile; fileRef = 0A83887B1EB206C800C1E835 /* EmptyCoreDataStackModel.bundle */; };
		0A266FC31ED59FED009CD0D7 /* InvalidCoreDataModel.momd in Resources */ = {isa = PBXBuildFile; fileRef = 0A83887E1EB206C800C1E835 /* InvalidCoreDataModel.momd */; };
		0A266FC41ED59FEF009CD0D7 /* InvalidCoreDataStackModel.bundle in Resources */ = {isa = PBXBuildFile; fileRef = 0A83887F1EB206C800C1E835 /* InvalidCoreDataStackModel.bundle */; };
		0A3C2D881EA7E5DD00EFB7D4 /* ApplicationRouter.swift in Sources */ = {isa = PBXBuildFile; fileRef = 0A3C2C831EA7E18500EFB7D4 /* ApplicationRouter.swift */; };
		0A3C2D891EA7E5DD00EFB7D4 /* Route+Component.swift in Sources */ = {isa = PBXBuildFile; fileRef = 0A3C2C841EA7E18500EFB7D4 /* Route+Component.swift */; };
		0A3C2D8A1EA7E5DD00EFB7D4 /* Route+Tree.swift in Sources */ = {isa = PBXBuildFile; fileRef = 0A3C2C851EA7E18500EFB7D4 /* Route+Tree.swift */; };
		0A3C2D8B1EA7E5DD00EFB7D4 /* Route.swift in Sources */ = {isa = PBXBuildFile; fileRef = 0A3C2C861EA7E18500EFB7D4 /* Route.swift */; };
		0A3C2D8C1EA7E5DD00EFB7D4 /* Router.swift in Sources */ = {isa = PBXBuildFile; fileRef = 0A3C2C871EA7E18500EFB7D4 /* Router.swift */; };
		0A3C2D8D1EA7E5DD00EFB7D4 /* Data.swift in Sources */ = {isa = PBXBuildFile; fileRef = 0A3C2C891EA7E18500EFB7D4 /* Data.swift */; };
		0A3C2D8E1EA7E5DD00EFB7D4 /* Dictionary.swift in Sources */ = {isa = PBXBuildFile; fileRef = 0A3C2C8A1EA7E18500EFB7D4 /* Dictionary.swift */; };
		0A3C2D901EA7E5DD00EFB7D4 /* Optional.swift in Sources */ = {isa = PBXBuildFile; fileRef = 0A3C2C8C1EA7E18500EFB7D4 /* Optional.swift */; };
		0A3C2D911EA7E5DD00EFB7D4 /* Sequence.swift in Sources */ = {isa = PBXBuildFile; fileRef = 0A3C2C8D1EA7E18500EFB7D4 /* Sequence.swift */; };
		0A3C2D921EA7E5DD00EFB7D4 /* String.swift in Sources */ = {isa = PBXBuildFile; fileRef = 0A3C2C8E1EA7E18500EFB7D4 /* String.swift */; };
		0A3C2D931EA7E5DD00EFB7D4 /* Thread.swift in Sources */ = {isa = PBXBuildFile; fileRef = 0A3C2C8F1EA7E18500EFB7D4 /* Thread.swift */; };
		0A3C2D941EA7E5DD00EFB7D4 /* URL.swift in Sources */ = {isa = PBXBuildFile; fileRef = 0A3C2C901EA7E18500EFB7D4 /* URL.swift */; };
		0A3C2D951EA7E5DD00EFB7D4 /* Log+BashLogItemLevelFormatter.swift in Sources */ = {isa = PBXBuildFile; fileRef = 0A3C2C921EA7E18500EFB7D4 /* Log+BashLogItemLevelFormatter.swift */; };
		0A3C2D961EA7E5DD00EFB7D4 /* Log+ConsoleLogDestination.swift in Sources */ = {isa = PBXBuildFile; fileRef = 0A3C2C931EA7E18500EFB7D4 /* Log+ConsoleLogDestination.swift */; };
		0A3C2D971EA7E5DD00EFB7D4 /* Log+DefaultLogItemLevelFormatter.swift in Sources */ = {isa = PBXBuildFile; fileRef = 0A3C2C941EA7E18500EFB7D4 /* Log+DefaultLogItemLevelFormatter.swift */; };
		0A3C2D981EA7E5DD00EFB7D4 /* Log+FileLogDestination.swift in Sources */ = {isa = PBXBuildFile; fileRef = 0A3C2C951EA7E18500EFB7D4 /* Log+FileLogDestination.swift */; };
		0A3C2D991EA7E5DD00EFB7D4 /* Log+Item.swift in Sources */ = {isa = PBXBuildFile; fileRef = 0A3C2C961EA7E18500EFB7D4 /* Log+Item.swift */; };
		0A3C2D9A1EA7E5DD00EFB7D4 /* Log+JSONLogItemFormatter.swift in Sources */ = {isa = PBXBuildFile; fileRef = 0A3C2C971EA7E18500EFB7D4 /* Log+JSONLogItemFormatter.swift */; };
		0A3C2D9B1EA7E5DD00EFB7D4 /* Log+NodeLogDestination.swift in Sources */ = {isa = PBXBuildFile; fileRef = 0A3C2C981EA7E18500EFB7D4 /* Log+NodeLogDestination.swift */; };
		0A3C2D9C1EA7E5DD00EFB7D4 /* Log+StringLogItemFormatter.swift in Sources */ = {isa = PBXBuildFile; fileRef = 0A3C2C991EA7E18500EFB7D4 /* Log+StringLogItemFormatter.swift */; };
		0A3C2D9D1EA7E5DD00EFB7D4 /* Log.swift in Sources */ = {isa = PBXBuildFile; fileRef = 0A3C2C9A1EA7E18500EFB7D4 /* Log.swift */; };
		0A3C2D9E1EA7E5DD00EFB7D4 /* LogDestination.swift in Sources */ = {isa = PBXBuildFile; fileRef = 0A3C2C9C1EA7E18500EFB7D4 /* LogDestination.swift */; };
		0A3C2D9F1EA7E5DD00EFB7D4 /* Logger.swift in Sources */ = {isa = PBXBuildFile; fileRef = 0A3C2C9D1EA7E18500EFB7D4 /* Logger.swift */; };
		0A3C2DA01EA7E5DD00EFB7D4 /* LogItemFormatter.swift in Sources */ = {isa = PBXBuildFile; fileRef = 0A3C2C9E1EA7E18500EFB7D4 /* LogItemFormatter.swift */; };
		0A3C2DA11EA7E5DD00EFB7D4 /* LogItemLevelFormatter.swift in Sources */ = {isa = PBXBuildFile; fileRef = 0A3C2C9F1EA7E18500EFB7D4 /* LogItemLevelFormatter.swift */; };
		0A3C2DA21EA7E5DD00EFB7D4 /* Mappable.swift in Sources */ = {isa = PBXBuildFile; fileRef = 0A3C2CA11EA7E18500EFB7D4 /* Mappable.swift */; };
		0A3C2DA31EA7E5DD00EFB7D4 /* Network.swift in Sources */ = {isa = PBXBuildFile; fileRef = 0A3C2CA21EA7E18500EFB7D4 /* Network.swift */; };
		0A3C2DA41EA7E5DD00EFB7D4 /* NetworkStack.swift in Sources */ = {isa = PBXBuildFile; fileRef = 0A3C2CA31EA7E18500EFB7D4 /* NetworkStack.swift */; };
		0A3C2DA51EA7E5DD00EFB7D4 /* Parse.swift in Sources */ = {isa = PBXBuildFile; fileRef = 0A3C2CA41EA7E18500EFB7D4 /* Parse.swift */; };
		0A3C2DA61EA7E5DD00EFB7D4 /* URLSessionNetworkStack.swift in Sources */ = {isa = PBXBuildFile; fileRef = 0A3C2CA51EA7E18500EFB7D4 /* URLSessionNetworkStack.swift */; };
		0A3C2DAA1EA7E5DD00EFB7D4 /* DiskMemoryPersistenceStack.swift in Sources */ = {isa = PBXBuildFile; fileRef = 0A3C2CAA1EA7E18500EFB7D4 /* DiskMemoryPersistenceStack.swift */; };
		0A3C2DB01EA7E5DD00EFB7D4 /* PersistenceStack.swift in Sources */ = {isa = PBXBuildFile; fileRef = 0A3C2CB01EA7E18500EFB7D4 /* PersistenceStack.swift */; };
		0A3C2DB51EA7E5DD00EFB7D4 /* NetworkResource.swift in Sources */ = {isa = PBXBuildFile; fileRef = 0A3C2CB71EA7E18500EFB7D4 /* NetworkResource.swift */; };
		0A3C2DB61EA7E5DD00EFB7D4 /* Resource.swift in Sources */ = {isa = PBXBuildFile; fileRef = 0A3C2CB81EA7E18500EFB7D4 /* Resource.swift */; };
		0A3C2DB71EA7E5DD00EFB7D4 /* CollectionReusableView.swift in Sources */ = {isa = PBXBuildFile; fileRef = 0A3C2CBA1EA7E18500EFB7D4 /* CollectionReusableView.swift */; };
		0A3C2DB81EA7E5DD00EFB7D4 /* CollectionViewCell.swift in Sources */ = {isa = PBXBuildFile; fileRef = 0A3C2CBB1EA7E18500EFB7D4 /* CollectionViewCell.swift */; };
		0A3C2DB91EA7E5DD00EFB7D4 /* TableViewCell.swift in Sources */ = {isa = PBXBuildFile; fileRef = 0A3C2CBC1EA7E18500EFB7D4 /* TableViewCell.swift */; };
		0A3C2DBA1EA7E5DD00EFB7D4 /* TableViewHeaderFooterView.swift in Sources */ = {isa = PBXBuildFile; fileRef = 0A3C2CBD1EA7E18500EFB7D4 /* TableViewHeaderFooterView.swift */; };
		0A3C2DBB1EA7E5DD00EFB7D4 /* UIColor.swift in Sources */ = {isa = PBXBuildFile; fileRef = 0A3C2CBE1EA7E18500EFB7D4 /* UIColor.swift */; };
		0A3C2DBC1EA7E5DD00EFB7D4 /* UIViewController.swift in Sources */ = {isa = PBXBuildFile; fileRef = 0A3C2CBF1EA7E18500EFB7D4 /* UIViewController.swift */; };
		0A3C2DBD1EA7E5DD00EFB7D4 /* ApplicationMode.swift in Sources */ = {isa = PBXBuildFile; fileRef = 0A3C2CC11EA7E18500EFB7D4 /* ApplicationMode.swift */; };
		0A3C2DBE1EA7E5DD00EFB7D4 /* Box.swift in Sources */ = {isa = PBXBuildFile; fileRef = 0A3C2CC21EA7E18500EFB7D4 /* Box.swift */; };
		0A3C2DC01EA7E5DD00EFB7D4 /* Placeholder.swift in Sources */ = {isa = PBXBuildFile; fileRef = 0A3C2CC41EA7E18500EFB7D4 /* Placeholder.swift */; };
		0A3C2DC11EA7E5DD00EFB7D4 /* ServiceLocator.swift in Sources */ = {isa = PBXBuildFile; fileRef = 0A3C2CC51EA7E18500EFB7D4 /* ServiceLocator.swift */; };
		0A7476C81ECB3F88003024D1 /* ReusableViewModelView.swift in Sources */ = {isa = PBXBuildFile; fileRef = 0A7476C71ECB3F88003024D1 /* ReusableViewModelView.swift */; };
		0A83884B1EB1F55A00C1E835 /* PersistableResource.swift in Sources */ = {isa = PBXBuildFile; fileRef = 0A83884A1EB1F55A00C1E835 /* PersistableResource.swift */; };
		0A83884D1EB1F60000C1E835 /* Persistence.swift in Sources */ = {isa = PBXBuildFile; fileRef = 0A83884C1EB1F60000C1E835 /* Persistence.swift */; };
		0A8388581EB1F6B000C1E835 /* CoreDataEntity.swift in Sources */ = {isa = PBXBuildFile; fileRef = 0A83884F1EB1F6B000C1E835 /* CoreDataEntity.swift */; };
		0A8388591EB1F6B000C1E835 /* CoreDataStack+ManagedObjectReflectable.swift in Sources */ = {isa = PBXBuildFile; fileRef = 0A8388501EB1F6B000C1E835 /* CoreDataStack+ManagedObjectReflectable.swift */; };
		0A83885A1EB1F6B000C1E835 /* CoreDataStack.swift in Sources */ = {isa = PBXBuildFile; fileRef = 0A8388511EB1F6B000C1E835 /* CoreDataStack.swift */; };
		0A83885B1EB1F6B000C1E835 /* ManagedObjectReflectable.swift in Sources */ = {isa = PBXBuildFile; fileRef = 0A8388521EB1F6B000C1E835 /* ManagedObjectReflectable.swift */; };
		0A83885C1EB1F6B000C1E835 /* NestedContextCoreDataStack.swift in Sources */ = {isa = PBXBuildFile; fileRef = 0A8388531EB1F6B000C1E835 /* NestedContextCoreDataStack.swift */; };
		0A83885D1EB1F6B000C1E835 /* NSManagedObjectContext+CoreDataStack.swift in Sources */ = {isa = PBXBuildFile; fileRef = 0A8388541EB1F6B000C1E835 /* NSManagedObjectContext+CoreDataStack.swift */; };
		0A83885E1EB1F6B000C1E835 /* NSPersistentStoreCoordinator+CoreDataStack.swift in Sources */ = {isa = PBXBuildFile; fileRef = 0A8388551EB1F6B000C1E835 /* NSPersistentStoreCoordinator+CoreDataStack.swift */; };
		0A83885F1EB1F6B000C1E835 /* NSPersistentStoreDescription+CoreDataStack.swift in Sources */ = {isa = PBXBuildFile; fileRef = 0A8388561EB1F6B000C1E835 /* NSPersistentStoreDescription+CoreDataStack.swift */; };
		0A8388601EB1F6B000C1E835 /* SiblingContextCoreDataStack.swift in Sources */ = {isa = PBXBuildFile; fileRef = 0A8388571EB1F6B000C1E835 /* SiblingContextCoreDataStack.swift */; };
		0A8388641EB1F93800C1E835 /* DataStore.swift in Sources */ = {isa = PBXBuildFile; fileRef = 0A8388621EB1F93800C1E835 /* DataStore.swift */; };
		0A8388651EB1F93800C1E835 /* Store.swift in Sources */ = {isa = PBXBuildFile; fileRef = 0A8388631EB1F93800C1E835 /* Store.swift */; };
		0A9084391EBCBFB200616076 /* NibView.swift in Sources */ = {isa = PBXBuildFile; fileRef = 0A9084361EBCBFB200616076 /* NibView.swift */; };
		0A90843A1EBCBFB200616076 /* ReusableView.swift in Sources */ = {isa = PBXBuildFile; fileRef = 0A9084371EBCBFB200616076 /* ReusableView.swift */; };
		0A90843B1EBCBFB200616076 /* View.swift in Sources */ = {isa = PBXBuildFile; fileRef = 0A9084381EBCBFB200616076 /* View.swift */; };
		0A90843D1EBCBFC400616076 /* ViewModelView.swift in Sources */ = {isa = PBXBuildFile; fileRef = 0A90843C1EBCBFC400616076 /* ViewModelView.swift */; };
		0ABFFABA1EA7F25B00CFC8BD /* Alicerce.h in Headers */ = {isa = PBXBuildFile; fileRef = 0ABFFAB91EA7F25B00CFC8BD /* Alicerce.h */; settings = {ATTRIBUTES = (Public, ); }; };
		0ABFFAC41EA8D08B00CFC8BD /* JSON.swift in Sources */ = {isa = PBXBuildFile; fileRef = 0ABFFAC31EA8D08B00CFC8BD /* JSON.swift */; };
		0ABFFAE21EAA6ED400CFC8BD /* HTTP.swift in Sources */ = {isa = PBXBuildFile; fileRef = 0ABFFAE11EAA6ED400CFC8BD /* HTTP.swift */; };
		0AE330961EBB71F8003E8506 /* Cancelable.swift in Sources */ = {isa = PBXBuildFile; fileRef = 0AE330951EBB71F8003E8506 /* Cancelable.swift */; };
		1B14CDC11ECCC84D00CFAC15 /* KeyboardObserver.swift in Sources */ = {isa = PBXBuildFile; fileRef = 1B14CDC01ECCC84D00CFAC15 /* KeyboardObserver.swift */; };
		1B3C01791F0A93CD00DF8394 /* NetworkAuthenticator.swift in Sources */ = {isa = PBXBuildFile; fileRef = 1B3C01781F0A93CD00DF8394 /* NetworkAuthenticator.swift */; };
		1B4033581ED8927E00B4B03D /* ViewModelCollectionViewCell.swift in Sources */ = {isa = PBXBuildFile; fileRef = 1B4033571ED8927E00B4B03D /* ViewModelCollectionViewCell.swift */; };
		1B40335A1ED8A59100B4B03D /* ViewModelTableViewCell.swift in Sources */ = {isa = PBXBuildFile; fileRef = 1B4033591ED8A59100B4B03D /* ViewModelTableViewCell.swift */; };
		1B40335C1ED8A62900B4B03D /* ViewModelTableViewHeaderFooterView.swift in Sources */ = {isa = PBXBuildFile; fileRef = 1B40335B1ED8A62900B4B03D /* ViewModelTableViewHeaderFooterView.swift */; };
		1B40335F1ED8C6F500B4B03D /* ViewModelTableViewCellTestCase.swift in Sources */ = {isa = PBXBuildFile; fileRef = 1B40335D1ED8C6F000B4B03D /* ViewModelTableViewCellTestCase.swift */; };
		1B4033621ED8C9D400B4B03D /* MockReusableViewModelView.swift in Sources */ = {isa = PBXBuildFile; fileRef = 1B4033601ED8C99600B4B03D /* MockReusableViewModelView.swift */; };
		1B4033651ED8CA5F00B4B03D /* ViewModelCollectionViewCellTestCase.swift in Sources */ = {isa = PBXBuildFile; fileRef = 1B4033631ED8CA5A00B4B03D /* ViewModelCollectionViewCellTestCase.swift */; };
		1B4033681ED8CB3C00B4B03D /* ViewModelTableViewHeaderFooterViewTestCase.swift in Sources */ = {isa = PBXBuildFile; fileRef = 1B4033661ED8CAE700B4B03D /* ViewModelTableViewHeaderFooterViewTestCase.swift */; };
		1B4A0FBF1EEEA27500A9FD7C /* ViewModelCollectionReusableView.swift in Sources */ = {isa = PBXBuildFile; fileRef = 1B4A0FBE1EEEA27500A9FD7C /* ViewModelCollectionReusableView.swift */; };
		1B57E97D1EB150C80027AB30 /* Analytics.swift in Sources */ = {isa = PBXBuildFile; fileRef = 1B57E97C1EB150C80027AB30 /* Analytics.swift */; };
		1B57E97F1EB1510D0027AB30 /* AnalyticsTracker.swift in Sources */ = {isa = PBXBuildFile; fileRef = 1B57E97E1EB1510D0027AB30 /* AnalyticsTracker.swift */; };
		1B57E9811EB155A30027AB30 /* Page.swift in Sources */ = {isa = PBXBuildFile; fileRef = 1B57E9801EB155A30027AB30 /* Page.swift */; };
		1B57E9831EB155DB0027AB30 /* Event.swift in Sources */ = {isa = PBXBuildFile; fileRef = 1B57E9821EB155DB0027AB30 /* Event.swift */; };
		1B57E9851EB159640027AB30 /* Configuration.swift in Sources */ = {isa = PBXBuildFile; fileRef = 1B57E9841EB159640027AB30 /* Configuration.swift */; };
		1BBEB6091F333E5600D06526 /* UIImage.swift in Sources */ = {isa = PBXBuildFile; fileRef = 1BBEB6081F333E5600D06526 /* UIImage.swift */; };
		1BBEB60C1F333E6E00D06526 /* UIImageTestCase.swift in Sources */ = {isa = PBXBuildFile; fileRef = 1BBEB60A1F333E6600D06526 /* UIImageTestCase.swift */; };
		68DCF2391F7D0C1400D6BB88 /* PriorityResource.swift in Sources */ = {isa = PBXBuildFile; fileRef = 68DCF2381F7D0C1400D6BB88 /* PriorityResource.swift */; };
/* End PBXBuildFile section */

/* Begin PBXContainerItemProxy section */
		0A266F871ED59DC7009CD0D7 /* PBXContainerItemProxy */ = {
			isa = PBXContainerItemProxy;
			containerPortal = OBJ_1 /* Project object */;
			proxyType = 1;
			remoteGlobalIDString = 0A3C2D701EA7E3E800EFB7D4;
			remoteInfo = Alicerce;
		};
/* End PBXContainerItemProxy section */

/* Begin PBXFileReference section */
		0A266F0C1ED33B34009CD0D7 /* CALayer.swift */ = {isa = PBXFileReference; fileEncoding = 4; lastKnownFileType = sourcecode.swift; path = CALayer.swift; sourceTree = "<group>"; };
		0A266F0E1ED33B65009CD0D7 /* CAGradientLayer.swift */ = {isa = PBXFileReference; fileEncoding = 4; lastKnownFileType = sourcecode.swift; path = CAGradientLayer.swift; sourceTree = "<group>"; };
		0A266F111ED33CDE009CD0D7 /* CALayerTestCase.swift */ = {isa = PBXFileReference; fileEncoding = 4; lastKnownFileType = sourcecode.swift; path = CALayerTestCase.swift; sourceTree = "<group>"; };
		0A266F131ED33D9F009CD0D7 /* CAGradientLayerTestCase.swift */ = {isa = PBXFileReference; fileEncoding = 4; lastKnownFileType = sourcecode.swift; path = CAGradientLayerTestCase.swift; sourceTree = "<group>"; };
		0A266F1F1ED374F5009CD0D7 /* AssertDumpsEqual.swift */ = {isa = PBXFileReference; fileEncoding = 4; lastKnownFileType = sourcecode.swift; path = AssertDumpsEqual.swift; sourceTree = "<group>"; };
		0A266F231ED37708009CD0D7 /* AssertDumpsEqualTestCase.swift */ = {isa = PBXFileReference; fileEncoding = 4; lastKnownFileType = sourcecode.swift; path = AssertDumpsEqualTestCase.swift; sourceTree = "<group>"; };
		0A266F811ED59DC7009CD0D7 /* AlicerceTests.xctest */ = {isa = PBXFileReference; explicitFileType = wrapper.cfbundle; includeInIndex = 0; path = AlicerceTests.xctest; sourceTree = BUILT_PRODUCTS_DIR; };
		0A3C2C831EA7E18500EFB7D4 /* ApplicationRouter.swift */ = {isa = PBXFileReference; fileEncoding = 4; lastKnownFileType = sourcecode.swift; path = ApplicationRouter.swift; sourceTree = "<group>"; };
		0A3C2C841EA7E18500EFB7D4 /* Route+Component.swift */ = {isa = PBXFileReference; fileEncoding = 4; lastKnownFileType = sourcecode.swift; path = "Route+Component.swift"; sourceTree = "<group>"; };
		0A3C2C851EA7E18500EFB7D4 /* Route+Tree.swift */ = {isa = PBXFileReference; fileEncoding = 4; lastKnownFileType = sourcecode.swift; path = "Route+Tree.swift"; sourceTree = "<group>"; };
		0A3C2C861EA7E18500EFB7D4 /* Route.swift */ = {isa = PBXFileReference; fileEncoding = 4; lastKnownFileType = sourcecode.swift; path = Route.swift; sourceTree = "<group>"; };
		0A3C2C871EA7E18500EFB7D4 /* Router.swift */ = {isa = PBXFileReference; fileEncoding = 4; lastKnownFileType = sourcecode.swift; path = Router.swift; sourceTree = "<group>"; };
		0A3C2C891EA7E18500EFB7D4 /* Data.swift */ = {isa = PBXFileReference; fileEncoding = 4; lastKnownFileType = sourcecode.swift; path = Data.swift; sourceTree = "<group>"; };
		0A3C2C8A1EA7E18500EFB7D4 /* Dictionary.swift */ = {isa = PBXFileReference; fileEncoding = 4; lastKnownFileType = sourcecode.swift; path = Dictionary.swift; sourceTree = "<group>"; };
		0A3C2C8C1EA7E18500EFB7D4 /* Optional.swift */ = {isa = PBXFileReference; fileEncoding = 4; lastKnownFileType = sourcecode.swift; path = Optional.swift; sourceTree = "<group>"; };
		0A3C2C8D1EA7E18500EFB7D4 /* Sequence.swift */ = {isa = PBXFileReference; fileEncoding = 4; lastKnownFileType = sourcecode.swift; path = Sequence.swift; sourceTree = "<group>"; };
		0A3C2C8E1EA7E18500EFB7D4 /* String.swift */ = {isa = PBXFileReference; fileEncoding = 4; lastKnownFileType = sourcecode.swift; path = String.swift; sourceTree = "<group>"; };
		0A3C2C8F1EA7E18500EFB7D4 /* Thread.swift */ = {isa = PBXFileReference; fileEncoding = 4; lastKnownFileType = sourcecode.swift; path = Thread.swift; sourceTree = "<group>"; };
		0A3C2C901EA7E18500EFB7D4 /* URL.swift */ = {isa = PBXFileReference; fileEncoding = 4; lastKnownFileType = sourcecode.swift; path = URL.swift; sourceTree = "<group>"; };
		0A3C2C921EA7E18500EFB7D4 /* Log+BashLogItemLevelFormatter.swift */ = {isa = PBXFileReference; fileEncoding = 4; lastKnownFileType = sourcecode.swift; path = "Log+BashLogItemLevelFormatter.swift"; sourceTree = "<group>"; };
		0A3C2C931EA7E18500EFB7D4 /* Log+ConsoleLogDestination.swift */ = {isa = PBXFileReference; fileEncoding = 4; lastKnownFileType = sourcecode.swift; path = "Log+ConsoleLogDestination.swift"; sourceTree = "<group>"; };
		0A3C2C941EA7E18500EFB7D4 /* Log+DefaultLogItemLevelFormatter.swift */ = {isa = PBXFileReference; fileEncoding = 4; lastKnownFileType = sourcecode.swift; path = "Log+DefaultLogItemLevelFormatter.swift"; sourceTree = "<group>"; };
		0A3C2C951EA7E18500EFB7D4 /* Log+FileLogDestination.swift */ = {isa = PBXFileReference; fileEncoding = 4; lastKnownFileType = sourcecode.swift; path = "Log+FileLogDestination.swift"; sourceTree = "<group>"; };
		0A3C2C961EA7E18500EFB7D4 /* Log+Item.swift */ = {isa = PBXFileReference; fileEncoding = 4; lastKnownFileType = sourcecode.swift; path = "Log+Item.swift"; sourceTree = "<group>"; };
		0A3C2C971EA7E18500EFB7D4 /* Log+JSONLogItemFormatter.swift */ = {isa = PBXFileReference; fileEncoding = 4; lastKnownFileType = sourcecode.swift; path = "Log+JSONLogItemFormatter.swift"; sourceTree = "<group>"; };
		0A3C2C981EA7E18500EFB7D4 /* Log+NodeLogDestination.swift */ = {isa = PBXFileReference; fileEncoding = 4; lastKnownFileType = sourcecode.swift; path = "Log+NodeLogDestination.swift"; sourceTree = "<group>"; };
		0A3C2C991EA7E18500EFB7D4 /* Log+StringLogItemFormatter.swift */ = {isa = PBXFileReference; fileEncoding = 4; lastKnownFileType = sourcecode.swift; path = "Log+StringLogItemFormatter.swift"; sourceTree = "<group>"; };
		0A3C2C9A1EA7E18500EFB7D4 /* Log.swift */ = {isa = PBXFileReference; fileEncoding = 4; lastKnownFileType = sourcecode.swift; path = Log.swift; sourceTree = "<group>"; };
		0A3C2C9C1EA7E18500EFB7D4 /* LogDestination.swift */ = {isa = PBXFileReference; fileEncoding = 4; lastKnownFileType = sourcecode.swift; path = LogDestination.swift; sourceTree = "<group>"; };
		0A3C2C9D1EA7E18500EFB7D4 /* Logger.swift */ = {isa = PBXFileReference; fileEncoding = 4; lastKnownFileType = sourcecode.swift; path = Logger.swift; sourceTree = "<group>"; };
		0A3C2C9E1EA7E18500EFB7D4 /* LogItemFormatter.swift */ = {isa = PBXFileReference; fileEncoding = 4; lastKnownFileType = sourcecode.swift; path = LogItemFormatter.swift; sourceTree = "<group>"; };
		0A3C2C9F1EA7E18500EFB7D4 /* LogItemLevelFormatter.swift */ = {isa = PBXFileReference; fileEncoding = 4; lastKnownFileType = sourcecode.swift; path = LogItemLevelFormatter.swift; sourceTree = "<group>"; };
		0A3C2CA11EA7E18500EFB7D4 /* Mappable.swift */ = {isa = PBXFileReference; fileEncoding = 4; lastKnownFileType = sourcecode.swift; path = Mappable.swift; sourceTree = "<group>"; };
		0A3C2CA21EA7E18500EFB7D4 /* Network.swift */ = {isa = PBXFileReference; fileEncoding = 4; lastKnownFileType = sourcecode.swift; path = Network.swift; sourceTree = "<group>"; };
		0A3C2CA31EA7E18500EFB7D4 /* NetworkStack.swift */ = {isa = PBXFileReference; fileEncoding = 4; lastKnownFileType = sourcecode.swift; path = NetworkStack.swift; sourceTree = "<group>"; };
		0A3C2CA41EA7E18500EFB7D4 /* Parse.swift */ = {isa = PBXFileReference; fileEncoding = 4; lastKnownFileType = sourcecode.swift; path = Parse.swift; sourceTree = "<group>"; };
		0A3C2CA51EA7E18500EFB7D4 /* URLSessionNetworkStack.swift */ = {isa = PBXFileReference; fileEncoding = 4; lastKnownFileType = sourcecode.swift; path = URLSessionNetworkStack.swift; sourceTree = "<group>"; };
		0A3C2CAA1EA7E18500EFB7D4 /* DiskMemoryPersistenceStack.swift */ = {isa = PBXFileReference; fileEncoding = 4; lastKnownFileType = sourcecode.swift; path = DiskMemoryPersistenceStack.swift; sourceTree = "<group>"; };
		0A3C2CB01EA7E18500EFB7D4 /* PersistenceStack.swift */ = {isa = PBXFileReference; fileEncoding = 4; lastKnownFileType = sourcecode.swift; path = PersistenceStack.swift; sourceTree = "<group>"; };
		0A3C2CB71EA7E18500EFB7D4 /* NetworkResource.swift */ = {isa = PBXFileReference; fileEncoding = 4; lastKnownFileType = sourcecode.swift; path = NetworkResource.swift; sourceTree = "<group>"; };
		0A3C2CB81EA7E18500EFB7D4 /* Resource.swift */ = {isa = PBXFileReference; fileEncoding = 4; lastKnownFileType = sourcecode.swift; path = Resource.swift; sourceTree = "<group>"; };
		0A3C2CBA1EA7E18500EFB7D4 /* CollectionReusableView.swift */ = {isa = PBXFileReference; fileEncoding = 4; lastKnownFileType = sourcecode.swift; path = CollectionReusableView.swift; sourceTree = "<group>"; };
		0A3C2CBB1EA7E18500EFB7D4 /* CollectionViewCell.swift */ = {isa = PBXFileReference; fileEncoding = 4; lastKnownFileType = sourcecode.swift; path = CollectionViewCell.swift; sourceTree = "<group>"; };
		0A3C2CBC1EA7E18500EFB7D4 /* TableViewCell.swift */ = {isa = PBXFileReference; fileEncoding = 4; lastKnownFileType = sourcecode.swift; path = TableViewCell.swift; sourceTree = "<group>"; };
		0A3C2CBD1EA7E18500EFB7D4 /* TableViewHeaderFooterView.swift */ = {isa = PBXFileReference; fileEncoding = 4; lastKnownFileType = sourcecode.swift; path = TableViewHeaderFooterView.swift; sourceTree = "<group>"; };
		0A3C2CBE1EA7E18500EFB7D4 /* UIColor.swift */ = {isa = PBXFileReference; fileEncoding = 4; lastKnownFileType = sourcecode.swift; path = UIColor.swift; sourceTree = "<group>"; };
		0A3C2CBF1EA7E18500EFB7D4 /* UIViewController.swift */ = {isa = PBXFileReference; fileEncoding = 4; lastKnownFileType = sourcecode.swift; path = UIViewController.swift; sourceTree = "<group>"; };
		0A3C2CC11EA7E18500EFB7D4 /* ApplicationMode.swift */ = {isa = PBXFileReference; fileEncoding = 4; lastKnownFileType = sourcecode.swift; path = ApplicationMode.swift; sourceTree = "<group>"; };
		0A3C2CC21EA7E18500EFB7D4 /* Box.swift */ = {isa = PBXFileReference; fileEncoding = 4; lastKnownFileType = sourcecode.swift; path = Box.swift; sourceTree = "<group>"; };
		0A3C2CC41EA7E18500EFB7D4 /* Placeholder.swift */ = {isa = PBXFileReference; fileEncoding = 4; lastKnownFileType = sourcecode.swift; path = Placeholder.swift; sourceTree = "<group>"; };
		0A3C2CC51EA7E18500EFB7D4 /* ServiceLocator.swift */ = {isa = PBXFileReference; fileEncoding = 4; lastKnownFileType = sourcecode.swift; path = ServiceLocator.swift; sourceTree = "<group>"; };
		0A3C2D001EA7E1B500EFB7D4 /* .codecov.yml */ = {isa = PBXFileReference; fileEncoding = 4; lastKnownFileType = text; path = .codecov.yml; sourceTree = "<group>"; };
		0A3C2D011EA7E1B500EFB7D4 /* .travis.yml */ = {isa = PBXFileReference; fileEncoding = 4; lastKnownFileType = text; path = .travis.yml; sourceTree = "<group>"; };
		0A3C2D021EA7E1B500EFB7D4 /* Alicerce.podspec */ = {isa = PBXFileReference; fileEncoding = 4; lastKnownFileType = text; path = Alicerce.podspec; sourceTree = "<group>"; };
		0A3C2D041EA7E1B500EFB7D4 /* README.md */ = {isa = PBXFileReference; fileEncoding = 4; lastKnownFileType = net.daringfireball.markdown; path = README.md; sourceTree = "<group>"; };
		0A3C2D071EA7E1EE00EFB7D4 /* AlicerceTests-Bridging-Header.h */ = {isa = PBXFileReference; fileEncoding = 4; lastKnownFileType = sourcecode.c.h; path = "AlicerceTests-Bridging-Header.h"; sourceTree = "<group>"; };
		0A3C2D0A1EA7E1EE00EFB7D4 /* Route+ComponentTests.swift */ = {isa = PBXFileReference; fileEncoding = 4; lastKnownFileType = sourcecode.swift; path = "Route+ComponentTests.swift"; sourceTree = "<group>"; };
		0A3C2D0B1EA7E1EE00EFB7D4 /* Route+Tree_AddTests.swift */ = {isa = PBXFileReference; fileEncoding = 4; lastKnownFileType = sourcecode.swift; path = "Route+Tree_AddTests.swift"; sourceTree = "<group>"; };
		0A3C2D0C1EA7E1EE00EFB7D4 /* Route+Tree_InitTests.swift */ = {isa = PBXFileReference; fileEncoding = 4; lastKnownFileType = sourcecode.swift; path = "Route+Tree_InitTests.swift"; sourceTree = "<group>"; };
		0A3C2D0D1EA7E1EE00EFB7D4 /* Route+Tree_MatchTests.swift */ = {isa = PBXFileReference; fileEncoding = 4; lastKnownFileType = sourcecode.swift; path = "Route+Tree_MatchTests.swift"; sourceTree = "<group>"; };
		0A3C2D0E1EA7E1EE00EFB7D4 /* Route+Tree_RemoveTests.swift */ = {isa = PBXFileReference; fileEncoding = 4; lastKnownFileType = sourcecode.swift; path = "Route+Tree_RemoveTests.swift"; sourceTree = "<group>"; };
		0A3C2D0F1EA7E1EE00EFB7D4 /* TreeRouterTests.swift */ = {isa = PBXFileReference; fileEncoding = 4; lastKnownFileType = sourcecode.swift; path = TreeRouterTests.swift; sourceTree = "<group>"; };
		0A3C2D111EA7E1EE00EFB7D4 /* DataTestCase.swift */ = {isa = PBXFileReference; fileEncoding = 4; lastKnownFileType = sourcecode.swift; path = DataTestCase.swift; sourceTree = "<group>"; };
		0A3C2D121EA7E1EE00EFB7D4 /* OptionalTests.swift */ = {isa = PBXFileReference; fileEncoding = 4; lastKnownFileType = sourcecode.swift; path = OptionalTests.swift; sourceTree = "<group>"; };
		0A3C2D131EA7E1EE00EFB7D4 /* ThreadTests.swift */ = {isa = PBXFileReference; fileEncoding = 4; lastKnownFileType = sourcecode.swift; path = ThreadTests.swift; sourceTree = "<group>"; };
		0A3C2D151EA7E1EE00EFB7D4 /* ColoredLevelTests.swift */ = {isa = PBXFileReference; fileEncoding = 4; lastKnownFileType = sourcecode.swift; path = ColoredLevelTests.swift; sourceTree = "<group>"; };
		0A3C2D161EA7E1EE00EFB7D4 /* ConsoleLogDestinationTests.swift */ = {isa = PBXFileReference; fileEncoding = 4; lastKnownFileType = sourcecode.swift; path = ConsoleLogDestinationTests.swift; sourceTree = "<group>"; };
		0A3C2D181EA7E1EE00EFB7D4 /* Log+StringLogDestination.swift */ = {isa = PBXFileReference; fileEncoding = 4; lastKnownFileType = sourcecode.swift; path = "Log+StringLogDestination.swift"; sourceTree = "<group>"; };
		0A3C2D191EA7E1EE00EFB7D4 /* FileLogDestinationTests.swift */ = {isa = PBXFileReference; fileEncoding = 4; lastKnownFileType = sourcecode.swift; path = FileLogDestinationTests.swift; sourceTree = "<group>"; };
		0A3C2D1A1EA7E1EE00EFB7D4 /* JSONLogItemFormatterTests.swift */ = {isa = PBXFileReference; fileEncoding = 4; lastKnownFileType = sourcecode.swift; path = JSONLogItemFormatterTests.swift; sourceTree = "<group>"; };
		0A3C2D1B1EA7E1EE00EFB7D4 /* LogTests.swift */ = {isa = PBXFileReference; fileEncoding = 4; lastKnownFileType = sourcecode.swift; path = LogTests.swift; sourceTree = "<group>"; };
		0A3C2D1C1EA7E1EE00EFB7D4 /* NodeLogDestinationTests.swift */ = {isa = PBXFileReference; fileEncoding = 4; lastKnownFileType = sourcecode.swift; path = NodeLogDestinationTests.swift; sourceTree = "<group>"; };
		0A3C2D1D1EA7E1EE00EFB7D4 /* StringLogItemFormatterTests.swift */ = {isa = PBXFileReference; fileEncoding = 4; lastKnownFileType = sourcecode.swift; path = StringLogItemFormatterTests.swift; sourceTree = "<group>"; };
		0A3C2D201EA7E1EE00EFB7D4 /* MappableModel.swift */ = {isa = PBXFileReference; fileEncoding = 4; lastKnownFileType = sourcecode.swift; path = MappableModel.swift; sourceTree = "<group>"; };
		0A3C2D211EA7E1EE00EFB7D4 /* MappableTestCase.swift */ = {isa = PBXFileReference; fileEncoding = 4; lastKnownFileType = sourcecode.swift; path = MappableTestCase.swift; sourceTree = "<group>"; };
		0A3C2D221EA7E1EE00EFB7D4 /* NetworkTestCase.swift */ = {isa = PBXFileReference; fileEncoding = 4; lastKnownFileType = sourcecode.swift; path = NetworkTestCase.swift; sourceTree = "<group>"; };
		0A3C2D231EA7E1EE00EFB7D4 /* ParseTestCase.swift */ = {isa = PBXFileReference; fileEncoding = 4; lastKnownFileType = sourcecode.swift; path = ParseTestCase.swift; sourceTree = "<group>"; };
		0A3C2D241EA7E1EE00EFB7D4 /* URLSessionNetworkStackTestCase.swift */ = {isa = PBXFileReference; fileEncoding = 4; lastKnownFileType = sourcecode.swift; path = URLSessionNetworkStackTestCase.swift; sourceTree = "<group>"; };
		0A3C2D361EA7E1EE00EFB7D4 /* NetworkResourceTestCase.swift */ = {isa = PBXFileReference; fileEncoding = 4; lastKnownFileType = sourcecode.swift; path = NetworkResourceTestCase.swift; sourceTree = "<group>"; };
		0A3C2D371EA7E1EE00EFB7D4 /* ResourceTestCase.swift */ = {isa = PBXFileReference; fileEncoding = 4; lastKnownFileType = sourcecode.swift; path = ResourceTestCase.swift; sourceTree = "<group>"; };
		0A3C2D391EA7E1EE00EFB7D4 /* UIColorTestCase.swift */ = {isa = PBXFileReference; fileEncoding = 4; lastKnownFileType = sourcecode.swift; path = UIColorTestCase.swift; sourceTree = "<group>"; };
		0A3C2D3A1EA7E1EE00EFB7D4 /* UIViewControllerTestCase.swift */ = {isa = PBXFileReference; fileEncoding = 4; lastKnownFileType = sourcecode.swift; path = UIViewControllerTestCase.swift; sourceTree = "<group>"; };
		0A3C2D3C1EA7E1EE00EFB7D4 /* ServiceLocatorTests.swift */ = {isa = PBXFileReference; fileEncoding = 4; lastKnownFileType = sourcecode.swift; path = ServiceLocatorTests.swift; sourceTree = "<group>"; };
		0A3C2D3D1EA7E1EE00EFB7D4 /* Utils.swift */ = {isa = PBXFileReference; fileEncoding = 4; lastKnownFileType = sourcecode.swift; path = Utils.swift; sourceTree = "<group>"; };
		0A3C2D641EA7E26300EFB7D4 /* mr-minder.png */ = {isa = PBXFileReference; lastKnownFileType = image.png; path = "mr-minder.png"; sourceTree = "<group>"; };
		0A3C2D661EA7E33C00EFB7D4 /* UIKit.framework */ = {isa = PBXFileReference; lastKnownFileType = wrapper.framework; name = UIKit.framework; path = System/Library/Frameworks/UIKit.framework; sourceTree = SDKROOT; };
		0A3C2D681EA7E34C00EFB7D4 /* Foundation.framework */ = {isa = PBXFileReference; lastKnownFileType = wrapper.framework; name = Foundation.framework; path = System/Library/Frameworks/Foundation.framework; sourceTree = SDKROOT; };
		0A3C2D6A1EA7E35200EFB7D4 /* CoreData.framework */ = {isa = PBXFileReference; lastKnownFileType = wrapper.framework; name = CoreData.framework; path = System/Library/Frameworks/CoreData.framework; sourceTree = SDKROOT; };
		0A3C2D711EA7E3E800EFB7D4 /* Alicerce.framework */ = {isa = PBXFileReference; explicitFileType = wrapper.framework; includeInIndex = 0; path = Alicerce.framework; sourceTree = BUILT_PRODUCTS_DIR; };
		0A7476C71ECB3F88003024D1 /* ReusableViewModelView.swift */ = {isa = PBXFileReference; fileEncoding = 4; lastKnownFileType = sourcecode.swift; path = ReusableViewModelView.swift; sourceTree = "<group>"; };
		0A7476CB1ECB48B2003024D1 /* TableViewHeaderFooterViewTestCase.swift */ = {isa = PBXFileReference; fileEncoding = 4; lastKnownFileType = sourcecode.swift; path = TableViewHeaderFooterViewTestCase.swift; sourceTree = "<group>"; };
		0A7476CD1ECB4C48003024D1 /* CollectionReusableViewTestCase.swift */ = {isa = PBXFileReference; fileEncoding = 4; lastKnownFileType = sourcecode.swift; path = CollectionReusableViewTestCase.swift; sourceTree = "<group>"; };
		0A7476CF1ECB4D15003024D1 /* CollectionViewCellTestCase.swift */ = {isa = PBXFileReference; fileEncoding = 4; lastKnownFileType = sourcecode.swift; path = CollectionViewCellTestCase.swift; sourceTree = "<group>"; };
		0A7476D11ECB4D5B003024D1 /* TableViewCellTestCase.swift */ = {isa = PBXFileReference; fileEncoding = 4; lastKnownFileType = sourcecode.swift; path = TableViewCellTestCase.swift; sourceTree = "<group>"; };
		0A83884A1EB1F55A00C1E835 /* PersistableResource.swift */ = {isa = PBXFileReference; fileEncoding = 4; lastKnownFileType = sourcecode.swift; path = PersistableResource.swift; sourceTree = "<group>"; };
		0A83884C1EB1F60000C1E835 /* Persistence.swift */ = {isa = PBXFileReference; fileEncoding = 4; lastKnownFileType = sourcecode.swift; path = Persistence.swift; sourceTree = "<group>"; };
		0A83884F1EB1F6B000C1E835 /* CoreDataEntity.swift */ = {isa = PBXFileReference; fileEncoding = 4; lastKnownFileType = sourcecode.swift; path = CoreDataEntity.swift; sourceTree = "<group>"; };
		0A8388501EB1F6B000C1E835 /* CoreDataStack+ManagedObjectReflectable.swift */ = {isa = PBXFileReference; fileEncoding = 4; lastKnownFileType = sourcecode.swift; path = "CoreDataStack+ManagedObjectReflectable.swift"; sourceTree = "<group>"; };
		0A8388511EB1F6B000C1E835 /* CoreDataStack.swift */ = {isa = PBXFileReference; fileEncoding = 4; lastKnownFileType = sourcecode.swift; path = CoreDataStack.swift; sourceTree = "<group>"; };
		0A8388521EB1F6B000C1E835 /* ManagedObjectReflectable.swift */ = {isa = PBXFileReference; fileEncoding = 4; lastKnownFileType = sourcecode.swift; path = ManagedObjectReflectable.swift; sourceTree = "<group>"; };
		0A8388531EB1F6B000C1E835 /* NestedContextCoreDataStack.swift */ = {isa = PBXFileReference; fileEncoding = 4; lastKnownFileType = sourcecode.swift; path = NestedContextCoreDataStack.swift; sourceTree = "<group>"; };
		0A8388541EB1F6B000C1E835 /* NSManagedObjectContext+CoreDataStack.swift */ = {isa = PBXFileReference; fileEncoding = 4; lastKnownFileType = sourcecode.swift; path = "NSManagedObjectContext+CoreDataStack.swift"; sourceTree = "<group>"; };
		0A8388551EB1F6B000C1E835 /* NSPersistentStoreCoordinator+CoreDataStack.swift */ = {isa = PBXFileReference; fileEncoding = 4; lastKnownFileType = sourcecode.swift; path = "NSPersistentStoreCoordinator+CoreDataStack.swift"; sourceTree = "<group>"; };
		0A8388561EB1F6B000C1E835 /* NSPersistentStoreDescription+CoreDataStack.swift */ = {isa = PBXFileReference; fileEncoding = 4; lastKnownFileType = sourcecode.swift; path = "NSPersistentStoreDescription+CoreDataStack.swift"; sourceTree = "<group>"; };
		0A8388571EB1F6B000C1E835 /* SiblingContextCoreDataStack.swift */ = {isa = PBXFileReference; fileEncoding = 4; lastKnownFileType = sourcecode.swift; path = SiblingContextCoreDataStack.swift; sourceTree = "<group>"; };
		0A8388621EB1F93800C1E835 /* DataStore.swift */ = {isa = PBXFileReference; fileEncoding = 4; lastKnownFileType = sourcecode.swift; path = DataStore.swift; sourceTree = "<group>"; };
		0A8388631EB1F93800C1E835 /* Store.swift */ = {isa = PBXFileReference; fileEncoding = 4; lastKnownFileType = sourcecode.swift; path = Store.swift; sourceTree = "<group>"; };
		0A83886C1EB2064200C1E835 /* StoreTestCase.swift */ = {isa = PBXFileReference; fileEncoding = 4; lastKnownFileType = sourcecode.swift; path = StoreTestCase.swift; sourceTree = "<group>"; };
		0A83886E1EB2068E00C1E835 /* MockPersistenceStack.swift */ = {isa = PBXFileReference; fileEncoding = 4; lastKnownFileType = sourcecode.swift; path = MockPersistenceStack.swift; sourceTree = "<group>"; };
		0A8388711EB206C800C1E835 /* CoreDataStackOperationTests.swift */ = {isa = PBXFileReference; fileEncoding = 4; lastKnownFileType = sourcecode.swift; path = CoreDataStackOperationTests.swift; sourceTree = "<group>"; };
		0A8388721EB206C800C1E835 /* CoreDataStackSetupTests.swift */ = {isa = PBXFileReference; fileEncoding = 4; lastKnownFileType = sourcecode.swift; path = CoreDataStackSetupTests.swift; sourceTree = "<group>"; };
		0A8388741EB206C800C1E835 /* MockCoreDataStack.swift */ = {isa = PBXFileReference; fileEncoding = 4; lastKnownFileType = sourcecode.swift; path = MockCoreDataStack.swift; sourceTree = "<group>"; };
		0A8388751EB206C800C1E835 /* MockErrorManagedObjectContext.h */ = {isa = PBXFileReference; fileEncoding = 4; lastKnownFileType = sourcecode.c.h; path = MockErrorManagedObjectContext.h; sourceTree = "<group>"; };
		0A8388761EB206C800C1E835 /* MockErrorManagedObjectContext.m */ = {isa = PBXFileReference; fileEncoding = 4; lastKnownFileType = sourcecode.c.objc; path = MockErrorManagedObjectContext.m; sourceTree = "<group>"; };
		0A8388781EB206C800C1E835 /* CoreDataStackModel.bundle */ = {isa = PBXFileReference; lastKnownFileType = "wrapper.plug-in"; path = CoreDataStackModel.bundle; sourceTree = "<group>"; };
		0A83887A1EB206C800C1E835 /* CoreDataStackModel.xcdatamodel */ = {isa = PBXFileReference; lastKnownFileType = wrapper.xcdatamodel; path = CoreDataStackModel.xcdatamodel; sourceTree = "<group>"; };
		0A83887B1EB206C800C1E835 /* EmptyCoreDataStackModel.bundle */ = {isa = PBXFileReference; lastKnownFileType = "wrapper.plug-in"; path = EmptyCoreDataStackModel.bundle; sourceTree = "<group>"; };
		0A83887D1EB206C800C1E835 /* EmptyCoreDataStackModel.xcdatamodel */ = {isa = PBXFileReference; lastKnownFileType = wrapper.xcdatamodel; path = EmptyCoreDataStackModel.xcdatamodel; sourceTree = "<group>"; };
		0A83887E1EB206C800C1E835 /* InvalidCoreDataModel.momd */ = {isa = PBXFileReference; fileEncoding = 4; lastKnownFileType = text; path = InvalidCoreDataModel.momd; sourceTree = "<group>"; };
		0A83887F1EB206C800C1E835 /* InvalidCoreDataStackModel.bundle */ = {isa = PBXFileReference; lastKnownFileType = "wrapper.plug-in"; path = InvalidCoreDataStackModel.bundle; sourceTree = "<group>"; };
		0A83888C1EB2088C00C1E835 /* DiskMemoryPersistenceTestCase.swift */ = {isa = PBXFileReference; fileEncoding = 4; lastKnownFileType = sourcecode.swift; path = DiskMemoryPersistenceTestCase.swift; sourceTree = "<group>"; };
		0A83888E1EB209D100C1E835 /* MockNetworkStack.swift */ = {isa = PBXFileReference; fileEncoding = 4; lastKnownFileType = sourcecode.swift; path = MockNetworkStack.swift; sourceTree = "<group>"; };
		0A9084361EBCBFB200616076 /* NibView.swift */ = {isa = PBXFileReference; fileEncoding = 4; lastKnownFileType = sourcecode.swift; path = NibView.swift; sourceTree = "<group>"; };
		0A9084371EBCBFB200616076 /* ReusableView.swift */ = {isa = PBXFileReference; fileEncoding = 4; lastKnownFileType = sourcecode.swift; path = ReusableView.swift; sourceTree = "<group>"; };
		0A9084381EBCBFB200616076 /* View.swift */ = {isa = PBXFileReference; fileEncoding = 4; lastKnownFileType = sourcecode.swift; path = View.swift; sourceTree = "<group>"; };
		0A90843C1EBCBFC400616076 /* ViewModelView.swift */ = {isa = PBXFileReference; fileEncoding = 4; lastKnownFileType = sourcecode.swift; path = ViewModelView.swift; sourceTree = "<group>"; };
		0ABFFAB91EA7F25B00CFC8BD /* Alicerce.h */ = {isa = PBXFileReference; fileEncoding = 4; lastKnownFileType = sourcecode.c.h; name = Alicerce.h; path = Alicerce.xcodeproj/Alicerce.h; sourceTree = "<group>"; };
		0ABFFAC31EA8D08B00CFC8BD /* JSON.swift */ = {isa = PBXFileReference; fileEncoding = 4; lastKnownFileType = sourcecode.swift; path = JSON.swift; sourceTree = "<group>"; };
		0ABFFAC51EA8FCA300CFC8BD /* JSONTests.swift */ = {isa = PBXFileReference; fileEncoding = 4; lastKnownFileType = sourcecode.swift; path = JSONTests.swift; sourceTree = "<group>"; };
		0ABFFAE11EAA6ED400CFC8BD /* HTTP.swift */ = {isa = PBXFileReference; fileEncoding = 4; lastKnownFileType = sourcecode.swift; path = HTTP.swift; sourceTree = "<group>"; };
		0AE330951EBB71F8003E8506 /* Cancelable.swift */ = {isa = PBXFileReference; fileEncoding = 4; lastKnownFileType = sourcecode.swift; path = Cancelable.swift; sourceTree = "<group>"; };
		1B14CDC01ECCC84D00CFAC15 /* KeyboardObserver.swift */ = {isa = PBXFileReference; fileEncoding = 4; lastKnownFileType = sourcecode.swift; path = KeyboardObserver.swift; sourceTree = "<group>"; };
		1B3C01781F0A93CD00DF8394 /* NetworkAuthenticator.swift */ = {isa = PBXFileReference; fileEncoding = 4; lastKnownFileType = sourcecode.swift; path = NetworkAuthenticator.swift; sourceTree = "<group>"; };
		1B4033571ED8927E00B4B03D /* ViewModelCollectionViewCell.swift */ = {isa = PBXFileReference; fileEncoding = 4; lastKnownFileType = sourcecode.swift; path = ViewModelCollectionViewCell.swift; sourceTree = "<group>"; };
		1B4033591ED8A59100B4B03D /* ViewModelTableViewCell.swift */ = {isa = PBXFileReference; fileEncoding = 4; lastKnownFileType = sourcecode.swift; path = ViewModelTableViewCell.swift; sourceTree = "<group>"; };
		1B40335B1ED8A62900B4B03D /* ViewModelTableViewHeaderFooterView.swift */ = {isa = PBXFileReference; fileEncoding = 4; lastKnownFileType = sourcecode.swift; path = ViewModelTableViewHeaderFooterView.swift; sourceTree = "<group>"; };
		1B40335D1ED8C6F000B4B03D /* ViewModelTableViewCellTestCase.swift */ = {isa = PBXFileReference; fileEncoding = 4; lastKnownFileType = sourcecode.swift; path = ViewModelTableViewCellTestCase.swift; sourceTree = "<group>"; };
		1B4033601ED8C99600B4B03D /* MockReusableViewModelView.swift */ = {isa = PBXFileReference; fileEncoding = 4; lastKnownFileType = sourcecode.swift; path = MockReusableViewModelView.swift; sourceTree = "<group>"; };
		1B4033631ED8CA5A00B4B03D /* ViewModelCollectionViewCellTestCase.swift */ = {isa = PBXFileReference; fileEncoding = 4; lastKnownFileType = sourcecode.swift; path = ViewModelCollectionViewCellTestCase.swift; sourceTree = "<group>"; };
		1B4033661ED8CAE700B4B03D /* ViewModelTableViewHeaderFooterViewTestCase.swift */ = {isa = PBXFileReference; fileEncoding = 4; lastKnownFileType = sourcecode.swift; path = ViewModelTableViewHeaderFooterViewTestCase.swift; sourceTree = "<group>"; };
		1B4A0FBE1EEEA27500A9FD7C /* ViewModelCollectionReusableView.swift */ = {isa = PBXFileReference; fileEncoding = 4; lastKnownFileType = sourcecode.swift; path = ViewModelCollectionReusableView.swift; sourceTree = "<group>"; };
		1B57E97C1EB150C80027AB30 /* Analytics.swift */ = {isa = PBXFileReference; fileEncoding = 4; lastKnownFileType = sourcecode.swift; path = Analytics.swift; sourceTree = "<group>"; };
		1B57E97E1EB1510D0027AB30 /* AnalyticsTracker.swift */ = {isa = PBXFileReference; fileEncoding = 4; lastKnownFileType = sourcecode.swift; path = AnalyticsTracker.swift; sourceTree = "<group>"; };
		1B57E9801EB155A30027AB30 /* Page.swift */ = {isa = PBXFileReference; fileEncoding = 4; lastKnownFileType = sourcecode.swift; path = Page.swift; sourceTree = "<group>"; };
		1B57E9821EB155DB0027AB30 /* Event.swift */ = {isa = PBXFileReference; fileEncoding = 4; lastKnownFileType = sourcecode.swift; path = Event.swift; sourceTree = "<group>"; };
		1B57E9841EB159640027AB30 /* Configuration.swift */ = {isa = PBXFileReference; fileEncoding = 4; lastKnownFileType = sourcecode.swift; path = Configuration.swift; sourceTree = "<group>"; };
		1B57E9871EB15F510027AB30 /* AnalyticsTestCase.swift */ = {isa = PBXFileReference; fileEncoding = 4; lastKnownFileType = sourcecode.swift; path = AnalyticsTestCase.swift; sourceTree = "<group>"; };
		1B57E9891EB1606F0027AB30 /* XCTest.framework */ = {isa = PBXFileReference; lastKnownFileType = wrapper.framework; name = XCTest.framework; path = Platforms/iPhoneOS.platform/Developer/Library/Frameworks/XCTest.framework; sourceTree = DEVELOPER_DIR; };
		1B57E98C1EB2128F0027AB30 /* ConfigurationTestCase.swift */ = {isa = PBXFileReference; fileEncoding = 4; lastKnownFileType = sourcecode.swift; path = ConfigurationTestCase.swift; sourceTree = "<group>"; };
		1B57E98E1EB22D860027AB30 /* EventTestCase.swift */ = {isa = PBXFileReference; fileEncoding = 4; lastKnownFileType = sourcecode.swift; path = EventTestCase.swift; sourceTree = "<group>"; };
		1B57E9901EB22E970027AB30 /* PageTestCase.swift */ = {isa = PBXFileReference; fileEncoding = 4; lastKnownFileType = sourcecode.swift; path = PageTestCase.swift; sourceTree = "<group>"; };
		1BBEB6081F333E5600D06526 /* UIImage.swift */ = {isa = PBXFileReference; fileEncoding = 4; lastKnownFileType = sourcecode.swift; path = UIImage.swift; sourceTree = "<group>"; };
		1BBEB60A1F333E6600D06526 /* UIImageTestCase.swift */ = {isa = PBXFileReference; fileEncoding = 4; lastKnownFileType = sourcecode.swift; path = UIImageTestCase.swift; sourceTree = "<group>"; };
		68DCF2381F7D0C1400D6BB88 /* PriorityResource.swift */ = {isa = PBXFileReference; lastKnownFileType = sourcecode.swift; path = PriorityResource.swift; sourceTree = "<group>"; };
		OBJ_6 /* Package.swift */ = {isa = PBXFileReference; explicitFileType = sourcecode.swift; path = Package.swift; sourceTree = "<group>"; };
/* End PBXFileReference section */

/* Begin PBXFrameworksBuildPhase section */
		0A266F7E1ED59DC7009CD0D7 /* Frameworks */ = {
			isa = PBXFrameworksBuildPhase;
			buildActionMask = 2147483647;
			files = (
				0A266F861ED59DC7009CD0D7 /* Alicerce.framework in Frameworks */,
			);
			runOnlyForDeploymentPostprocessing = 0;
		};
		0A3C2D6D1EA7E3E800EFB7D4 /* Frameworks */ = {
			isa = PBXFrameworksBuildPhase;
			buildActionMask = 2147483647;
			files = (
			);
			runOnlyForDeploymentPostprocessing = 0;
		};
/* End PBXFrameworksBuildPhase section */

/* Begin PBXGroup section */
		0A266F0B1ED33B29009CD0D7 /* QuartzCore */ = {
			isa = PBXGroup;
			children = (
				0A266F0E1ED33B65009CD0D7 /* CAGradientLayer.swift */,
				0A266F0C1ED33B34009CD0D7 /* CALayer.swift */,
			);
			path = QuartzCore;
			sourceTree = "<group>";
		};
		0A266F101ED33CCE009CD0D7 /* QuartzCore */ = {
			isa = PBXGroup;
			children = (
				0A266F131ED33D9F009CD0D7 /* CAGradientLayerTestCase.swift */,
				0A266F111ED33CDE009CD0D7 /* CALayerTestCase.swift */,
			);
			path = QuartzCore;
			sourceTree = "<group>";
		};
		0A3C2C821EA7E18500EFB7D4 /* DeepLinking */ = {
			isa = PBXGroup;
			children = (
				0A3C2C831EA7E18500EFB7D4 /* ApplicationRouter.swift */,
				0A3C2C841EA7E18500EFB7D4 /* Route+Component.swift */,
				0A3C2C851EA7E18500EFB7D4 /* Route+Tree.swift */,
				0A3C2C861EA7E18500EFB7D4 /* Route.swift */,
				0A3C2C871EA7E18500EFB7D4 /* Router.swift */,
			);
			path = DeepLinking;
			sourceTree = "<group>";
		};
		0A3C2C881EA7E18500EFB7D4 /* Extensions */ = {
			isa = PBXGroup;
			children = (
				0A3C2C891EA7E18500EFB7D4 /* Data.swift */,
				0A3C2C8A1EA7E18500EFB7D4 /* Dictionary.swift */,
				0A3C2C8C1EA7E18500EFB7D4 /* Optional.swift */,
				0A3C2C8D1EA7E18500EFB7D4 /* Sequence.swift */,
				0A3C2C8E1EA7E18500EFB7D4 /* String.swift */,
				0A3C2C8F1EA7E18500EFB7D4 /* Thread.swift */,
				0A3C2C901EA7E18500EFB7D4 /* URL.swift */,
			);
			path = Extensions;
			sourceTree = "<group>";
		};
		0A3C2C911EA7E18500EFB7D4 /* Logging */ = {
			isa = PBXGroup;
			children = (
				0A3C2C921EA7E18500EFB7D4 /* Log+BashLogItemLevelFormatter.swift */,
				0A3C2C931EA7E18500EFB7D4 /* Log+ConsoleLogDestination.swift */,
				0A3C2C941EA7E18500EFB7D4 /* Log+DefaultLogItemLevelFormatter.swift */,
				0A3C2C951EA7E18500EFB7D4 /* Log+FileLogDestination.swift */,
				0A3C2C961EA7E18500EFB7D4 /* Log+Item.swift */,
				0A3C2C971EA7E18500EFB7D4 /* Log+JSONLogItemFormatter.swift */,
				0A3C2C981EA7E18500EFB7D4 /* Log+NodeLogDestination.swift */,
				0A3C2C991EA7E18500EFB7D4 /* Log+StringLogItemFormatter.swift */,
				0A3C2C9A1EA7E18500EFB7D4 /* Log.swift */,
				0A3C2C9B1EA7E18500EFB7D4 /* Protocols */,
			);
			path = Logging;
			sourceTree = "<group>";
		};
		0A3C2C9B1EA7E18500EFB7D4 /* Protocols */ = {
			isa = PBXGroup;
			children = (
				0A3C2C9C1EA7E18500EFB7D4 /* LogDestination.swift */,
				0A3C2C9D1EA7E18500EFB7D4 /* Logger.swift */,
				0A3C2C9E1EA7E18500EFB7D4 /* LogItemFormatter.swift */,
				0A3C2C9F1EA7E18500EFB7D4 /* LogItemLevelFormatter.swift */,
			);
			path = Protocols;
			sourceTree = "<group>";
		};
		0A3C2CA01EA7E18500EFB7D4 /* Network */ = {
			isa = PBXGroup;
			children = (
				0ABFFAE11EAA6ED400CFC8BD /* HTTP.swift */,
				0ABFFAC31EA8D08B00CFC8BD /* JSON.swift */,
				0A3C2CA11EA7E18500EFB7D4 /* Mappable.swift */,
				0A3C2CA21EA7E18500EFB7D4 /* Network.swift */,
				1B3C01781F0A93CD00DF8394 /* NetworkAuthenticator.swift */,
				0A3C2CA31EA7E18500EFB7D4 /* NetworkStack.swift */,
				0A3C2CA41EA7E18500EFB7D4 /* Parse.swift */,
				0A3C2CA51EA7E18500EFB7D4 /* URLSessionNetworkStack.swift */,
			);
			path = Network;
			sourceTree = "<group>";
		};
		0A3C2CA61EA7E18500EFB7D4 /* Persistence */ = {
			isa = PBXGroup;
			children = (
				0A83884E1EB1F6B000C1E835 /* CoreData */,
				0A3C2CAA1EA7E18500EFB7D4 /* DiskMemoryPersistenceStack.swift */,
				0A83884A1EB1F55A00C1E835 /* PersistableResource.swift */,
				0A83884C1EB1F60000C1E835 /* Persistence.swift */,
				0A3C2CB01EA7E18500EFB7D4 /* PersistenceStack.swift */,
			);
			path = Persistence;
			sourceTree = "<group>";
		};
		0A3C2CB61EA7E18500EFB7D4 /* Resource */ = {
			isa = PBXGroup;
			children = (
				0A3C2CB71EA7E18500EFB7D4 /* NetworkResource.swift */,
				0A3C2CB81EA7E18500EFB7D4 /* Resource.swift */,
				68DCF2381F7D0C1400D6BB88 /* PriorityResource.swift */,
			);
			path = Resource;
			sourceTree = "<group>";
		};
		0A3C2CB91EA7E18500EFB7D4 /* UIKit */ = {
			isa = PBXGroup;
			children = (
				0A3C2CBA1EA7E18500EFB7D4 /* CollectionReusableView.swift */,
				0A3C2CBB1EA7E18500EFB7D4 /* CollectionViewCell.swift */,
				0A3C2CBC1EA7E18500EFB7D4 /* TableViewCell.swift */,
				0A3C2CBD1EA7E18500EFB7D4 /* TableViewHeaderFooterView.swift */,
				0A3C2CBE1EA7E18500EFB7D4 /* UIColor.swift */,
				1BBEB6081F333E5600D06526 /* UIImage.swift */,
				0A3C2CBF1EA7E18500EFB7D4 /* UIViewController.swift */,
				1B4033571ED8927E00B4B03D /* ViewModelCollectionViewCell.swift */,
				1B4033591ED8A59100B4B03D /* ViewModelTableViewCell.swift */,
				1B40335B1ED8A62900B4B03D /* ViewModelTableViewHeaderFooterView.swift */,
				1B4A0FBE1EEEA27500A9FD7C /* ViewModelCollectionReusableView.swift */,
			);
			path = UIKit;
			sourceTree = "<group>";
		};
		0A3C2CC01EA7E18500EFB7D4 /* Utils */ = {
			isa = PBXGroup;
			children = (
				0A3C2CC11EA7E18500EFB7D4 /* ApplicationMode.swift */,
				0A266F1F1ED374F5009CD0D7 /* AssertDumpsEqual.swift */,
				0A3C2CC21EA7E18500EFB7D4 /* Box.swift */,
				0A3C2CC41EA7E18500EFB7D4 /* Placeholder.swift */,
				0A3C2CC51EA7E18500EFB7D4 /* ServiceLocator.swift */,
			);
			path = Utils;
			sourceTree = "<group>";
		};
		0A3C2D091EA7E1EE00EFB7D4 /* DeepLinking */ = {
			isa = PBXGroup;
			children = (
				0A3C2D0A1EA7E1EE00EFB7D4 /* Route+ComponentTests.swift */,
				0A3C2D0B1EA7E1EE00EFB7D4 /* Route+Tree_AddTests.swift */,
				0A3C2D0C1EA7E1EE00EFB7D4 /* Route+Tree_InitTests.swift */,
				0A3C2D0D1EA7E1EE00EFB7D4 /* Route+Tree_MatchTests.swift */,
				0A3C2D0E1EA7E1EE00EFB7D4 /* Route+Tree_RemoveTests.swift */,
				0A3C2D0F1EA7E1EE00EFB7D4 /* TreeRouterTests.swift */,
			);
			path = DeepLinking;
			sourceTree = "<group>";
		};
		0A3C2D101EA7E1EE00EFB7D4 /* Foundation */ = {
			isa = PBXGroup;
			children = (
				0A3C2D111EA7E1EE00EFB7D4 /* DataTestCase.swift */,
				0A3C2D121EA7E1EE00EFB7D4 /* OptionalTests.swift */,
				0A3C2D131EA7E1EE00EFB7D4 /* ThreadTests.swift */,
			);
			path = Foundation;
			sourceTree = "<group>";
		};
		0A3C2D141EA7E1EE00EFB7D4 /* Logging */ = {
			isa = PBXGroup;
			children = (
				0A3C2D151EA7E1EE00EFB7D4 /* ColoredLevelTests.swift */,
				0A3C2D161EA7E1EE00EFB7D4 /* ConsoleLogDestinationTests.swift */,
				0A3C2D171EA7E1EE00EFB7D4 /* Destinations */,
				0A3C2D191EA7E1EE00EFB7D4 /* FileLogDestinationTests.swift */,
				0A3C2D1A1EA7E1EE00EFB7D4 /* JSONLogItemFormatterTests.swift */,
				0A3C2D1B1EA7E1EE00EFB7D4 /* LogTests.swift */,
				0A3C2D1C1EA7E1EE00EFB7D4 /* NodeLogDestinationTests.swift */,
				0A3C2D1D1EA7E1EE00EFB7D4 /* StringLogItemFormatterTests.swift */,
			);
			path = Logging;
			sourceTree = "<group>";
		};
		0A3C2D171EA7E1EE00EFB7D4 /* Destinations */ = {
			isa = PBXGroup;
			children = (
				0A3C2D181EA7E1EE00EFB7D4 /* Log+StringLogDestination.swift */,
			);
			path = Destinations;
			sourceTree = "<group>";
		};
		0A3C2D1E1EA7E1EE00EFB7D4 /* Network */ = {
			isa = PBXGroup;
			children = (
				0ABFFAC51EA8FCA300CFC8BD /* JSONTests.swift */,
				0A3C2D201EA7E1EE00EFB7D4 /* MappableModel.swift */,
				0A3C2D211EA7E1EE00EFB7D4 /* MappableTestCase.swift */,
				0A83888E1EB209D100C1E835 /* MockNetworkStack.swift */,
				0A3C2D221EA7E1EE00EFB7D4 /* NetworkTestCase.swift */,
				0A3C2D231EA7E1EE00EFB7D4 /* ParseTestCase.swift */,
				0A3C2D241EA7E1EE00EFB7D4 /* URLSessionNetworkStackTestCase.swift */,
			);
			path = Network;
			sourceTree = "<group>";
		};
		0A3C2D251EA7E1EE00EFB7D4 /* Persistence */ = {
			isa = PBXGroup;
			children = (
				0A8388701EB206C800C1E835 /* CoreData */,
				0A83888C1EB2088C00C1E835 /* DiskMemoryPersistenceTestCase.swift */,
				0A83886E1EB2068E00C1E835 /* MockPersistenceStack.swift */,
			);
			path = Persistence;
			sourceTree = "<group>";
		};
		0A3C2D351EA7E1EE00EFB7D4 /* Resource */ = {
			isa = PBXGroup;
			children = (
				0A3C2D361EA7E1EE00EFB7D4 /* NetworkResourceTestCase.swift */,
				0A3C2D371EA7E1EE00EFB7D4 /* ResourceTestCase.swift */,
			);
			path = Resource;
			sourceTree = "<group>";
		};
		0A3C2D381EA7E1EE00EFB7D4 /* UIKit */ = {
			isa = PBXGroup;
			children = (
				0A7476CD1ECB4C48003024D1 /* CollectionReusableViewTestCase.swift */,
				0A7476CF1ECB4D15003024D1 /* CollectionViewCellTestCase.swift */,
				1B4033601ED8C99600B4B03D /* MockReusableViewModelView.swift */,
				0A7476D11ECB4D5B003024D1 /* TableViewCellTestCase.swift */,
				0A7476CB1ECB48B2003024D1 /* TableViewHeaderFooterViewTestCase.swift */,
				0A3C2D391EA7E1EE00EFB7D4 /* UIColorTestCase.swift */,
				1BBEB60A1F333E6600D06526 /* UIImageTestCase.swift */,
				0A3C2D3A1EA7E1EE00EFB7D4 /* UIViewControllerTestCase.swift */,
				1B4033631ED8CA5A00B4B03D /* ViewModelCollectionViewCellTestCase.swift */,
				1B40335D1ED8C6F000B4B03D /* ViewModelTableViewCellTestCase.swift */,
				1B4033661ED8CAE700B4B03D /* ViewModelTableViewHeaderFooterViewTestCase.swift */,
			);
			path = UIKit;
			sourceTree = "<group>";
		};
		0A3C2D3B1EA7E1EE00EFB7D4 /* Utils */ = {
			isa = PBXGroup;
			children = (
				0A3C2D3C1EA7E1EE00EFB7D4 /* ServiceLocatorTests.swift */,
				0A266F231ED37708009CD0D7 /* AssertDumpsEqualTestCase.swift */,
			);
			path = Utils;
			sourceTree = "<group>";
		};
		0A3C2D631EA7E26300EFB7D4 /* Resources */ = {
			isa = PBXGroup;
			children = (
				0A3C2D641EA7E26300EFB7D4 /* mr-minder.png */,
			);
			name = Resources;
			path = Tests/Resources;
			sourceTree = "<group>";
		};
		0A3C2D651EA7E33C00EFB7D4 /* Frameworks */ = {
			isa = PBXGroup;
			children = (
				1B57E9891EB1606F0027AB30 /* XCTest.framework */,
				0A3C2D6A1EA7E35200EFB7D4 /* CoreData.framework */,
				0A3C2D681EA7E34C00EFB7D4 /* Foundation.framework */,
				0A3C2D661EA7E33C00EFB7D4 /* UIKit.framework */,
			);
			name = Frameworks;
			sourceTree = "<group>";
		};
		0A83884E1EB1F6B000C1E835 /* CoreData */ = {
			isa = PBXGroup;
			children = (
				0A83884F1EB1F6B000C1E835 /* CoreDataEntity.swift */,
				0A8388501EB1F6B000C1E835 /* CoreDataStack+ManagedObjectReflectable.swift */,
				0A8388511EB1F6B000C1E835 /* CoreDataStack.swift */,
				0A8388521EB1F6B000C1E835 /* ManagedObjectReflectable.swift */,
				0A8388531EB1F6B000C1E835 /* NestedContextCoreDataStack.swift */,
				0A8388541EB1F6B000C1E835 /* NSManagedObjectContext+CoreDataStack.swift */,
				0A8388551EB1F6B000C1E835 /* NSPersistentStoreCoordinator+CoreDataStack.swift */,
				0A8388561EB1F6B000C1E835 /* NSPersistentStoreDescription+CoreDataStack.swift */,
				0A8388571EB1F6B000C1E835 /* SiblingContextCoreDataStack.swift */,
			);
			path = CoreData;
			sourceTree = "<group>";
		};
		0A8388611EB1F93800C1E835 /* Stores */ = {
			isa = PBXGroup;
			children = (
				0A8388621EB1F93800C1E835 /* DataStore.swift */,
				0A8388631EB1F93800C1E835 /* Store.swift */,
			);
			path = Stores;
			sourceTree = "<group>";
		};
		0A83886B1EB2062100C1E835 /* Stores */ = {
			isa = PBXGroup;
			children = (
				0A83886C1EB2064200C1E835 /* StoreTestCase.swift */,
			);
			path = Stores;
			sourceTree = "<group>";
		};
		0A8388701EB206C800C1E835 /* CoreData */ = {
			isa = PBXGroup;
			children = (
				0A8388711EB206C800C1E835 /* CoreDataStackOperationTests.swift */,
				0A8388721EB206C800C1E835 /* CoreDataStackSetupTests.swift */,
				0A8388741EB206C800C1E835 /* MockCoreDataStack.swift */,
				0A8388751EB206C800C1E835 /* MockErrorManagedObjectContext.h */,
				0A8388761EB206C800C1E835 /* MockErrorManagedObjectContext.m */,
				0A8388771EB206C800C1E835 /* Support Files */,
			);
			path = CoreData;
			sourceTree = "<group>";
		};
		0A8388771EB206C800C1E835 /* Support Files */ = {
			isa = PBXGroup;
			children = (
				0A8388781EB206C800C1E835 /* CoreDataStackModel.bundle */,
				0A8388791EB206C800C1E835 /* CoreDataStackModel.xcdatamodeld */,
				0A83887B1EB206C800C1E835 /* EmptyCoreDataStackModel.bundle */,
				0A83887C1EB206C800C1E835 /* EmptyCoreDataStackModel.xcdatamodeld */,
				0A83887E1EB206C800C1E835 /* InvalidCoreDataModel.momd */,
				0A83887F1EB206C800C1E835 /* InvalidCoreDataStackModel.bundle */,
			);
			path = "Support Files";
			sourceTree = "<group>";
		};
		0A9084351EBCBFB200616076 /* View */ = {
			isa = PBXGroup;
			children = (
				0A9084361EBCBFB200616076 /* NibView.swift */,
				0A9084371EBCBFB200616076 /* ReusableView.swift */,
				0A7476C71ECB3F88003024D1 /* ReusableViewModelView.swift */,
				0A9084381EBCBFB200616076 /* View.swift */,
				0A90843C1EBCBFC400616076 /* ViewModelView.swift */,
			);
			path = View;
			sourceTree = "<group>";
		};
		0AE330941EBB71ED003E8506 /* Shared */ = {
			isa = PBXGroup;
			children = (
				0AE330951EBB71F8003E8506 /* Cancelable.swift */,
			);
			path = Shared;
			sourceTree = "<group>";
		};
		1B14CDBF1ECCC83200CFAC15 /* Observers */ = {
			isa = PBXGroup;
			children = (
				1B14CDC01ECCC84D00CFAC15 /* KeyboardObserver.swift */,
			);
			path = Observers;
			sourceTree = "<group>";
		};
		1B57E97B1EB150AB0027AB30 /* Analytics */ = {
			isa = PBXGroup;
			children = (
				1B57E97C1EB150C80027AB30 /* Analytics.swift */,
				1B57E97E1EB1510D0027AB30 /* AnalyticsTracker.swift */,
				1B57E9841EB159640027AB30 /* Configuration.swift */,
				1B57E9821EB155DB0027AB30 /* Event.swift */,
				1B57E9801EB155A30027AB30 /* Page.swift */,
			);
			path = Analytics;
			sourceTree = "<group>";
		};
		1B57E9861EB15F3C0027AB30 /* Analytics */ = {
			isa = PBXGroup;
			children = (
				1B57E9871EB15F510027AB30 /* AnalyticsTestCase.swift */,
				1B57E98C1EB2128F0027AB30 /* ConfigurationTestCase.swift */,
				1B57E98E1EB22D860027AB30 /* EventTestCase.swift */,
				1B57E9901EB22E970027AB30 /* PageTestCase.swift */,
			);
			path = Analytics;
			sourceTree = "<group>";
		};
		OBJ_10 /* AlicerceTests */ = {
			isa = PBXGroup;
			children = (
				0A3C2D071EA7E1EE00EFB7D4 /* AlicerceTests-Bridging-Header.h */,
				1B57E9861EB15F3C0027AB30 /* Analytics */,
				0A3C2D091EA7E1EE00EFB7D4 /* DeepLinking */,
				0A3C2D101EA7E1EE00EFB7D4 /* Foundation */,
				0A3C2D141EA7E1EE00EFB7D4 /* Logging */,
				0A3C2D1E1EA7E1EE00EFB7D4 /* Network */,
				0A3C2D251EA7E1EE00EFB7D4 /* Persistence */,
				0A266F101ED33CCE009CD0D7 /* QuartzCore */,
				0A3C2D351EA7E1EE00EFB7D4 /* Resource */,
				0A83886B1EB2062100C1E835 /* Stores */,
				0A3C2D381EA7E1EE00EFB7D4 /* UIKit */,
				0A3C2D3B1EA7E1EE00EFB7D4 /* Utils */,
				0A3C2D3D1EA7E1EE00EFB7D4 /* Utils.swift */,
			);
			name = AlicerceTests;
			path = Tests/AlicerceTests;
			sourceTree = SOURCE_ROOT;
		};
		OBJ_13 /* Products */ = {
			isa = PBXGroup;
			children = (
				0A3C2D711EA7E3E800EFB7D4 /* Alicerce.framework */,
				0A266F811ED59DC7009CD0D7 /* AlicerceTests.xctest */,
			);
			name = Products;
			sourceTree = BUILT_PRODUCTS_DIR;
		};
		OBJ_5 = {
			isa = PBXGroup;
			children = (
				OBJ_6 /* Package.swift */,
				0A3C2D021EA7E1B500EFB7D4 /* Alicerce.podspec */,
				0A3C2D001EA7E1B500EFB7D4 /* .codecov.yml */,
				0A3C2D011EA7E1B500EFB7D4 /* .travis.yml */,
				0A3C2D041EA7E1B500EFB7D4 /* README.md */,
				0ABFFAB91EA7F25B00CFC8BD /* Alicerce.h */,
				OBJ_7 /* Sources */,
				OBJ_9 /* Tests */,
				OBJ_13 /* Products */,
				0A3C2D651EA7E33C00EFB7D4 /* Frameworks */,
			);
			sourceTree = "<group>";
		};
		OBJ_7 /* Sources */ = {
			isa = PBXGroup;
			children = (
				1B57E97B1EB150AB0027AB30 /* Analytics */,
				0A3C2C821EA7E18500EFB7D4 /* DeepLinking */,
				0A3C2C881EA7E18500EFB7D4 /* Extensions */,
				0A3C2C911EA7E18500EFB7D4 /* Logging */,
				0A3C2CA01EA7E18500EFB7D4 /* Network */,
				1B14CDBF1ECCC83200CFAC15 /* Observers */,
				0A3C2CA61EA7E18500EFB7D4 /* Persistence */,
				0A266F0B1ED33B29009CD0D7 /* QuartzCore */,
				0A3C2CB61EA7E18500EFB7D4 /* Resource */,
				0AE330941EBB71ED003E8506 /* Shared */,
				0A8388611EB1F93800C1E835 /* Stores */,
				0A3C2CB91EA7E18500EFB7D4 /* UIKit */,
				0A3C2CC01EA7E18500EFB7D4 /* Utils */,
				0A9084351EBCBFB200616076 /* View */,
			);
			path = Sources;
			sourceTree = SOURCE_ROOT;
		};
		OBJ_9 /* Tests */ = {
			isa = PBXGroup;
			children = (
				0A3C2D631EA7E26300EFB7D4 /* Resources */,
				OBJ_10 /* AlicerceTests */,
			);
			name = Tests;
			sourceTree = SOURCE_ROOT;
		};
/* End PBXGroup section */

/* Begin PBXHeadersBuildPhase section */
		0A3C2D6E1EA7E3E800EFB7D4 /* Headers */ = {
			isa = PBXHeadersBuildPhase;
			buildActionMask = 2147483647;
			files = (
				0ABFFABA1EA7F25B00CFC8BD /* Alicerce.h in Headers */,
			);
			runOnlyForDeploymentPostprocessing = 0;
		};
/* End PBXHeadersBuildPhase section */

/* Begin PBXNativeTarget section */
		0A266F801ED59DC7009CD0D7 /* AlicerceTests */ = {
			isa = PBXNativeTarget;
			buildConfigurationList = 0A266F891ED59DC7009CD0D7 /* Build configuration list for PBXNativeTarget "AlicerceTests" */;
			buildPhases = (
				0A266F7D1ED59DC7009CD0D7 /* Sources */,
				0A266F7E1ED59DC7009CD0D7 /* Frameworks */,
				0A266F7F1ED59DC7009CD0D7 /* Resources */,
			);
			buildRules = (
			);
			dependencies = (
				0A266F881ED59DC7009CD0D7 /* PBXTargetDependency */,
			);
			name = AlicerceTests;
			productName = AlicerceTestsFILHADAPUTA;
			productReference = 0A266F811ED59DC7009CD0D7 /* AlicerceTests.xctest */;
			productType = "com.apple.product-type.bundle.unit-test";
		};
		0A3C2D701EA7E3E800EFB7D4 /* Alicerce */ = {
			isa = PBXNativeTarget;
			buildConfigurationList = 0A3C2D821EA7E3E900EFB7D4 /* Build configuration list for PBXNativeTarget "Alicerce" */;
			buildPhases = (
				0A3C2D6C1EA7E3E800EFB7D4 /* Sources */,
				0A3C2D6D1EA7E3E800EFB7D4 /* Frameworks */,
				0A3C2D6E1EA7E3E800EFB7D4 /* Headers */,
				0A3C2D6F1EA7E3E800EFB7D4 /* Resources */,
			);
			buildRules = (
			);
			dependencies = (
			);
			name = Alicerce;
			productName = Alicerce;
			productReference = 0A3C2D711EA7E3E800EFB7D4 /* Alicerce.framework */;
			productType = "com.apple.product-type.framework";
		};
/* End PBXNativeTarget section */

/* Begin PBXProject section */
		OBJ_1 /* Project object */ = {
			isa = PBXProject;
			attributes = {
				LastSwiftUpdateCheck = 0830;
				LastUpgradeCheck = 0900;
				ORGANIZATIONNAME = Mindera;
				TargetAttributes = {
					0A266F801ED59DC7009CD0D7 = {
						CreatedOnToolsVersion = 8.3.2;
						DevelopmentTeam = 74L475LDQT;
						LastSwiftMigration = 0900;
						ProvisioningStyle = Automatic;
					};
					0A3C2D701EA7E3E800EFB7D4 = {
						CreatedOnToolsVersion = 8.3.2;
						LastSwiftMigration = 0900;
						ProvisioningStyle = Manual;
					};
				};
			};
			buildConfigurationList = OBJ_2 /* Build configuration list for PBXProject "Alicerce" */;
			compatibilityVersion = "Xcode 3.2";
			developmentRegion = English;
			hasScannedForEncodings = 0;
			knownRegions = (
				en,
			);
			mainGroup = OBJ_5;
			productRefGroup = OBJ_13 /* Products */;
			projectDirPath = "";
			projectRoot = "";
			targets = (
				0A3C2D701EA7E3E800EFB7D4 /* Alicerce */,
				0A266F801ED59DC7009CD0D7 /* AlicerceTests */,
			);
		};
/* End PBXProject section */

/* Begin PBXResourcesBuildPhase section */
		0A266F7F1ED59DC7009CD0D7 /* Resources */ = {
			isa = PBXResourcesBuildPhase;
			buildActionMask = 2147483647;
			files = (
				0A266FC41ED59FEF009CD0D7 /* InvalidCoreDataStackModel.bundle in Resources */,
				0A266FC21ED59FE8009CD0D7 /* EmptyCoreDataStackModel.bundle in Resources */,
				0A266FC01ED59FE3009CD0D7 /* mr-minder.png in Resources */,
				0A266FC11ED59FE6009CD0D7 /* CoreDataStackModel.bundle in Resources */,
				0A266FC31ED59FED009CD0D7 /* InvalidCoreDataModel.momd in Resources */,
			);
			runOnlyForDeploymentPostprocessing = 0;
		};
		0A3C2D6F1EA7E3E800EFB7D4 /* Resources */ = {
			isa = PBXResourcesBuildPhase;
			buildActionMask = 2147483647;
			files = (
			);
			runOnlyForDeploymentPostprocessing = 0;
		};
/* End PBXResourcesBuildPhase section */

/* Begin PBXSourcesBuildPhase section */
		0A266F7D1ED59DC7009CD0D7 /* Sources */ = {
			isa = PBXSourcesBuildPhase;
			buildActionMask = 2147483647;
			files = (
				0A266FBD1ED59FCD009CD0D7 /* MockErrorManagedObjectContext.m in Sources */,
				0A266FBE1ED59FCD009CD0D7 /* CoreDataStackModel.xcdatamodeld in Sources */,
				0A266FBF1ED59FCD009CD0D7 /* EmptyCoreDataStackModel.xcdatamodeld in Sources */,
				0A266F8C1ED59FB6009CD0D7 /* AnalyticsTestCase.swift in Sources */,
				0A266F8D1ED59FB6009CD0D7 /* ConfigurationTestCase.swift in Sources */,
				0A266F8E1ED59FB6009CD0D7 /* EventTestCase.swift in Sources */,
				0A266F8F1ED59FB6009CD0D7 /* PageTestCase.swift in Sources */,
				0A266F901ED59FB6009CD0D7 /* Route+ComponentTests.swift in Sources */,
				0A266F911ED59FB6009CD0D7 /* Route+Tree_AddTests.swift in Sources */,
				0A266F921ED59FB6009CD0D7 /* Route+Tree_InitTests.swift in Sources */,
				0A266F931ED59FB6009CD0D7 /* Route+Tree_MatchTests.swift in Sources */,
				0A266F941ED59FB6009CD0D7 /* Route+Tree_RemoveTests.swift in Sources */,
				0A266F951ED59FB6009CD0D7 /* TreeRouterTests.swift in Sources */,
				0A266F961ED59FB6009CD0D7 /* DataTestCase.swift in Sources */,
				0A266F971ED59FB6009CD0D7 /* OptionalTests.swift in Sources */,
				0A266F981ED59FB6009CD0D7 /* ThreadTests.swift in Sources */,
				0A266F991ED59FB6009CD0D7 /* ColoredLevelTests.swift in Sources */,
				0A266F9A1ED59FB6009CD0D7 /* ConsoleLogDestinationTests.swift in Sources */,
				0A266F9B1ED59FB6009CD0D7 /* Log+StringLogDestination.swift in Sources */,
				0A266F9C1ED59FB6009CD0D7 /* FileLogDestinationTests.swift in Sources */,
				1B4033621ED8C9D400B4B03D /* MockReusableViewModelView.swift in Sources */,
				0A266F9D1ED59FB6009CD0D7 /* JSONLogItemFormatterTests.swift in Sources */,
				0A266F9E1ED59FB6009CD0D7 /* LogTests.swift in Sources */,
				0A266F9F1ED59FB6009CD0D7 /* NodeLogDestinationTests.swift in Sources */,
				0A266FA01ED59FB6009CD0D7 /* StringLogItemFormatterTests.swift in Sources */,
				0A266FA11ED59FB6009CD0D7 /* JSONTests.swift in Sources */,
				0A266FA21ED59FB6009CD0D7 /* MappableModel.swift in Sources */,
				0A266FA31ED59FB6009CD0D7 /* MappableTestCase.swift in Sources */,
				0A266FA41ED59FB6009CD0D7 /* MockNetworkStack.swift in Sources */,
				0A266FA51ED59FB6009CD0D7 /* NetworkTestCase.swift in Sources */,
				0A266FA61ED59FB6009CD0D7 /* ParseTestCase.swift in Sources */,
				0A266FA71ED59FB6009CD0D7 /* URLSessionNetworkStackTestCase.swift in Sources */,
				0A266FA81ED59FB6009CD0D7 /* CoreDataStackOperationTests.swift in Sources */,
				0A266FA91ED59FB6009CD0D7 /* CoreDataStackSetupTests.swift in Sources */,
				0A266FAA1ED59FB6009CD0D7 /* MockCoreDataStack.swift in Sources */,
				0A266FAB1ED59FB6009CD0D7 /* DiskMemoryPersistenceTestCase.swift in Sources */,
				0A266FAC1ED59FB6009CD0D7 /* MockPersistenceStack.swift in Sources */,
				0A266FAD1ED59FB6009CD0D7 /* CAGradientLayerTestCase.swift in Sources */,
				0A266FAE1ED59FB6009CD0D7 /* CALayerTestCase.swift in Sources */,
				0A266FAF1ED59FB6009CD0D7 /* NetworkResourceTestCase.swift in Sources */,
				1BBEB60C1F333E6E00D06526 /* UIImageTestCase.swift in Sources */,
				0A266FB01ED59FB6009CD0D7 /* ResourceTestCase.swift in Sources */,
				0A266FB11ED59FB6009CD0D7 /* StoreTestCase.swift in Sources */,
				0A266FB21ED59FB6009CD0D7 /* CollectionReusableViewTestCase.swift in Sources */,
				0A266FB31ED59FB6009CD0D7 /* CollectionViewCellTestCase.swift in Sources */,
				0A266FB41ED59FB6009CD0D7 /* TableViewCellTestCase.swift in Sources */,
				0A266FB51ED59FB6009CD0D7 /* TableViewHeaderFooterViewTestCase.swift in Sources */,
				0A266FB61ED59FB6009CD0D7 /* UIColorTestCase.swift in Sources */,
				1B4033681ED8CB3C00B4B03D /* ViewModelTableViewHeaderFooterViewTestCase.swift in Sources */,
				0A266FB71ED59FB6009CD0D7 /* UIViewControllerTestCase.swift in Sources */,
				1B40335F1ED8C6F500B4B03D /* ViewModelTableViewCellTestCase.swift in Sources */,
				0A266FB81ED59FB6009CD0D7 /* ServiceLocatorTests.swift in Sources */,
				1B4033651ED8CA5F00B4B03D /* ViewModelCollectionViewCellTestCase.swift in Sources */,
				0A266FB91ED59FB6009CD0D7 /* AssertDumpsEqualTestCase.swift in Sources */,
				0A266FBA1ED59FB6009CD0D7 /* Utils.swift in Sources */,
			);
			runOnlyForDeploymentPostprocessing = 0;
		};
		0A3C2D6C1EA7E3E800EFB7D4 /* Sources */ = {
			isa = PBXSourcesBuildPhase;
			buildActionMask = 2147483647;
			files = (
				0ABFFAE21EAA6ED400CFC8BD /* HTTP.swift in Sources */,
				0A3C2D971EA7E5DD00EFB7D4 /* Log+DefaultLogItemLevelFormatter.swift in Sources */,
				0A3C2DA51EA7E5DD00EFB7D4 /* Parse.swift in Sources */,
				0A3C2D9A1EA7E5DD00EFB7D4 /* Log+JSONLogItemFormatter.swift in Sources */,
				0A3C2D9D1EA7E5DD00EFB7D4 /* Log.swift in Sources */,
				0A8388591EB1F6B000C1E835 /* CoreDataStack+ManagedObjectReflectable.swift in Sources */,
				0A3C2D881EA7E5DD00EFB7D4 /* ApplicationRouter.swift in Sources */,
				0A3C2DBB1EA7E5DD00EFB7D4 /* UIColor.swift in Sources */,
				0A7476C81ECB3F88003024D1 /* ReusableViewModelView.swift in Sources */,
				0A83885C1EB1F6B000C1E835 /* NestedContextCoreDataStack.swift in Sources */,
				1B40335A1ED8A59100B4B03D /* ViewModelTableViewCell.swift in Sources */,
				0A3C2D921EA7E5DD00EFB7D4 /* String.swift in Sources */,
				0A3C2DA01EA7E5DD00EFB7D4 /* LogItemFormatter.swift in Sources */,
				1B57E97F1EB1510D0027AB30 /* AnalyticsTracker.swift in Sources */,
				0A3C2D991EA7E5DD00EFB7D4 /* Log+Item.swift in Sources */,
				0A3C2DA21EA7E5DD00EFB7D4 /* Mappable.swift in Sources */,
				1B57E9811EB155A30027AB30 /* Page.swift in Sources */,
				0A3C2D981EA7E5DD00EFB7D4 /* Log+FileLogDestination.swift in Sources */,
				0AE330961EBB71F8003E8506 /* Cancelable.swift in Sources */,
				0A8388601EB1F6B000C1E835 /* SiblingContextCoreDataStack.swift in Sources */,
				0A3C2DC01EA7E5DD00EFB7D4 /* Placeholder.swift in Sources */,
				0A3C2DBA1EA7E5DD00EFB7D4 /* TableViewHeaderFooterView.swift in Sources */,
				1B14CDC11ECCC84D00CFAC15 /* KeyboardObserver.swift in Sources */,
				0A3C2D9F1EA7E5DD00EFB7D4 /* Logger.swift in Sources */,
				0A3C2DC11EA7E5DD00EFB7D4 /* ServiceLocator.swift in Sources */,
				0A3C2DB81EA7E5DD00EFB7D4 /* CollectionViewCell.swift in Sources */,
				0A3C2DBD1EA7E5DD00EFB7D4 /* ApplicationMode.swift in Sources */,
				0A3C2D8D1EA7E5DD00EFB7D4 /* Data.swift in Sources */,
				0A3C2DB61EA7E5DD00EFB7D4 /* Resource.swift in Sources */,
				0A3C2D961EA7E5DD00EFB7D4 /* Log+ConsoleLogDestination.swift in Sources */,
				1B57E9851EB159640027AB30 /* Configuration.swift in Sources */,
				0A3C2D901EA7E5DD00EFB7D4 /* Optional.swift in Sources */,
				0A8388651EB1F93800C1E835 /* Store.swift in Sources */,
				1B3C01791F0A93CD00DF8394 /* NetworkAuthenticator.swift in Sources */,
				0A83885B1EB1F6B000C1E835 /* ManagedObjectReflectable.swift in Sources */,
				0A3C2DB01EA7E5DD00EFB7D4 /* PersistenceStack.swift in Sources */,
				0A3C2DBC1EA7E5DD00EFB7D4 /* UIViewController.swift in Sources */,
				0A3C2D8B1EA7E5DD00EFB7D4 /* Route.swift in Sources */,
				1B4A0FBF1EEEA27500A9FD7C /* ViewModelCollectionReusableView.swift in Sources */,
				0A90843B1EBCBFB200616076 /* View.swift in Sources */,
				0A3C2DA11EA7E5DD00EFB7D4 /* LogItemLevelFormatter.swift in Sources */,
				1BBEB6091F333E5600D06526 /* UIImage.swift in Sources */,
				0A3C2D941EA7E5DD00EFB7D4 /* URL.swift in Sources */,
				0A266F0D1ED33B34009CD0D7 /* CALayer.swift in Sources */,
				1B4033581ED8927E00B4B03D /* ViewModelCollectionViewCell.swift in Sources */,
				0A3C2D8C1EA7E5DD00EFB7D4 /* Router.swift in Sources */,
				0A3C2D8E1EA7E5DD00EFB7D4 /* Dictionary.swift in Sources */,
				0A266F0F1ED33B65009CD0D7 /* CAGradientLayer.swift in Sources */,
				68DCF2391F7D0C1400D6BB88 /* PriorityResource.swift in Sources */,
				0A83884D1EB1F60000C1E835 /* Persistence.swift in Sources */,
				0A3C2DA61EA7E5DD00EFB7D4 /* URLSessionNetworkStack.swift in Sources */,
				0A8388641EB1F93800C1E835 /* DataStore.swift in Sources */,
				0A3C2DA41EA7E5DD00EFB7D4 /* NetworkStack.swift in Sources */,
				0A3C2D931EA7E5DD00EFB7D4 /* Thread.swift in Sources */,
				0A83885A1EB1F6B000C1E835 /* CoreDataStack.swift in Sources */,
				0A3C2DB71EA7E5DD00EFB7D4 /* CollectionReusableView.swift in Sources */,
				0A266F201ED374F5009CD0D7 /* AssertDumpsEqual.swift in Sources */,
				1B57E9831EB155DB0027AB30 /* Event.swift in Sources */,
				0A83885E1EB1F6B000C1E835 /* NSPersistentStoreCoordinator+CoreDataStack.swift in Sources */,
				0A3C2D891EA7E5DD00EFB7D4 /* Route+Component.swift in Sources */,
				0A83885F1EB1F6B000C1E835 /* NSPersistentStoreDescription+CoreDataStack.swift in Sources */,
				0A83884B1EB1F55A00C1E835 /* PersistableResource.swift in Sources */,
				0A3C2DAA1EA7E5DD00EFB7D4 /* DiskMemoryPersistenceStack.swift in Sources */,
				0A3C2D9C1EA7E5DD00EFB7D4 /* Log+StringLogItemFormatter.swift in Sources */,
				0A3C2D911EA7E5DD00EFB7D4 /* Sequence.swift in Sources */,
				0A3C2D951EA7E5DD00EFB7D4 /* Log+BashLogItemLevelFormatter.swift in Sources */,
				0A3C2DB51EA7E5DD00EFB7D4 /* NetworkResource.swift in Sources */,
				0A8388581EB1F6B000C1E835 /* CoreDataEntity.swift in Sources */,
				0A90843D1EBCBFC400616076 /* ViewModelView.swift in Sources */,
				1B57E97D1EB150C80027AB30 /* Analytics.swift in Sources */,
				0A3C2DBE1EA7E5DD00EFB7D4 /* Box.swift in Sources */,
				0A3C2DB91EA7E5DD00EFB7D4 /* TableViewCell.swift in Sources */,
				1B40335C1ED8A62900B4B03D /* ViewModelTableViewHeaderFooterView.swift in Sources */,
				0A90843A1EBCBFB200616076 /* ReusableView.swift in Sources */,
				0A3C2D9B1EA7E5DD00EFB7D4 /* Log+NodeLogDestination.swift in Sources */,
				0A83885D1EB1F6B000C1E835 /* NSManagedObjectContext+CoreDataStack.swift in Sources */,
				0A3C2D9E1EA7E5DD00EFB7D4 /* LogDestination.swift in Sources */,
				0A9084391EBCBFB200616076 /* NibView.swift in Sources */,
				0ABFFAC41EA8D08B00CFC8BD /* JSON.swift in Sources */,
				0A3C2DA31EA7E5DD00EFB7D4 /* Network.swift in Sources */,
				0A3C2D8A1EA7E5DD00EFB7D4 /* Route+Tree.swift in Sources */,
			);
			runOnlyForDeploymentPostprocessing = 0;
		};
/* End PBXSourcesBuildPhase section */

/* Begin PBXTargetDependency section */
		0A266F881ED59DC7009CD0D7 /* PBXTargetDependency */ = {
			isa = PBXTargetDependency;
			target = 0A3C2D701EA7E3E800EFB7D4 /* Alicerce */;
			targetProxy = 0A266F871ED59DC7009CD0D7 /* PBXContainerItemProxy */;
		};
/* End PBXTargetDependency section */

/* Begin XCBuildConfiguration section */
		0A266F8A1ED59DC7009CD0D7 /* Debug */ = {
			isa = XCBuildConfiguration;
			buildSettings = {
				ALWAYS_SEARCH_USER_PATHS = NO;
				CLANG_ANALYZER_NONNULL = YES;
				CLANG_ANALYZER_NUMBER_OBJECT_CONVERSION = YES_AGGRESSIVE;
				CLANG_CXX_LANGUAGE_STANDARD = "gnu++0x";
				CLANG_CXX_LIBRARY = "libc++";
				CLANG_ENABLE_MODULES = YES;
				CLANG_WARN_BOOL_CONVERSION = YES;
				CLANG_WARN_CONSTANT_CONVERSION = YES;
				CLANG_WARN_DIRECT_OBJC_ISA_USAGE = YES_ERROR;
				CLANG_WARN_DOCUMENTATION_COMMENTS = YES;
				CLANG_WARN_EMPTY_BODY = YES;
				CLANG_WARN_ENUM_CONVERSION = YES;
				CLANG_WARN_INFINITE_RECURSION = YES;
				CLANG_WARN_INT_CONVERSION = YES;
				CLANG_WARN_OBJC_ROOT_CLASS = YES_ERROR;
				CLANG_WARN_SUSPICIOUS_MOVE = YES;
				CLANG_WARN_UNREACHABLE_CODE = YES;
				CLANG_WARN__DUPLICATE_METHOD_MATCH = YES;
				"CODE_SIGN_IDENTITY[sdk=iphoneos*]" = "iPhone Developer";
				CURRENT_PROJECT_VERSION = 1;
				DEVELOPMENT_TEAM = 74L475LDQT;
				ENABLE_STRICT_OBJC_MSGSEND = YES;
				ENABLE_TESTABILITY = YES;
				GCC_C_LANGUAGE_STANDARD = gnu99;
				GCC_DYNAMIC_NO_PIC = NO;
				GCC_NO_COMMON_BLOCKS = YES;
				GCC_PREPROCESSOR_DEFINITIONS = (
					"DEBUG=1",
					"$(inherited)",
				);
				GCC_WARN_64_TO_32_BIT_CONVERSION = YES;
				GCC_WARN_ABOUT_RETURN_TYPE = YES_ERROR;
				GCC_WARN_UNDECLARED_SELECTOR = YES;
				GCC_WARN_UNINITIALIZED_AUTOS = YES_AGGRESSIVE;
				GCC_WARN_UNUSED_FUNCTION = YES;
				GCC_WARN_UNUSED_VARIABLE = YES;
				INFOPLIST_FILE = Alicerce.xcodeproj/Alicerce_Info.plist;
				IPHONEOS_DEPLOYMENT_TARGET = 10.3;
				LD_RUNPATH_SEARCH_PATHS = "$(inherited) @executable_path/Frameworks @loader_path/Frameworks";
				MTL_ENABLE_DEBUG_INFO = YES;
				PRODUCT_BUNDLE_IDENTIFIER = com.mindera.AlicerceTests;
				PRODUCT_NAME = "$(TARGET_NAME)";
				SWIFT_ACTIVE_COMPILATION_CONDITIONS = DEBUG;
				SWIFT_OBJC_BRIDGING_HEADER = "$(SRCROOT)/Tests/AlicerceTests/AlicerceTests-Bridging-Header.h";
				SWIFT_VERSION = 3.0;
			};
			name = Debug;
		};
		0A266F8B1ED59DC7009CD0D7 /* Release */ = {
			isa = XCBuildConfiguration;
			buildSettings = {
				ALWAYS_SEARCH_USER_PATHS = NO;
				CLANG_ANALYZER_NONNULL = YES;
				CLANG_ANALYZER_NUMBER_OBJECT_CONVERSION = YES_AGGRESSIVE;
				CLANG_CXX_LANGUAGE_STANDARD = "gnu++0x";
				CLANG_CXX_LIBRARY = "libc++";
				CLANG_ENABLE_MODULES = YES;
				CLANG_WARN_BOOL_CONVERSION = YES;
				CLANG_WARN_CONSTANT_CONVERSION = YES;
				CLANG_WARN_DIRECT_OBJC_ISA_USAGE = YES_ERROR;
				CLANG_WARN_DOCUMENTATION_COMMENTS = YES;
				CLANG_WARN_EMPTY_BODY = YES;
				CLANG_WARN_ENUM_CONVERSION = YES;
				CLANG_WARN_INFINITE_RECURSION = YES;
				CLANG_WARN_INT_CONVERSION = YES;
				CLANG_WARN_OBJC_ROOT_CLASS = YES_ERROR;
				CLANG_WARN_SUSPICIOUS_MOVE = YES;
				CLANG_WARN_UNREACHABLE_CODE = YES;
				CLANG_WARN__DUPLICATE_METHOD_MATCH = YES;
				"CODE_SIGN_IDENTITY[sdk=iphoneos*]" = "iPhone Developer";
				COPY_PHASE_STRIP = NO;
				CURRENT_PROJECT_VERSION = 1;
				DEVELOPMENT_TEAM = 74L475LDQT;
				ENABLE_NS_ASSERTIONS = NO;
				ENABLE_STRICT_OBJC_MSGSEND = YES;
				GCC_C_LANGUAGE_STANDARD = gnu99;
				GCC_NO_COMMON_BLOCKS = YES;
				GCC_WARN_64_TO_32_BIT_CONVERSION = YES;
				GCC_WARN_ABOUT_RETURN_TYPE = YES_ERROR;
				GCC_WARN_UNDECLARED_SELECTOR = YES;
				GCC_WARN_UNINITIALIZED_AUTOS = YES_AGGRESSIVE;
				GCC_WARN_UNUSED_FUNCTION = YES;
				GCC_WARN_UNUSED_VARIABLE = YES;
				INFOPLIST_FILE = Alicerce.xcodeproj/Alicerce_Info.plist;
				IPHONEOS_DEPLOYMENT_TARGET = 10.3;
				LD_RUNPATH_SEARCH_PATHS = "$(inherited) @executable_path/Frameworks @loader_path/Frameworks";
				MTL_ENABLE_DEBUG_INFO = NO;
				PRODUCT_BUNDLE_IDENTIFIER = com.mindera.AlicerceTests;
				PRODUCT_NAME = "$(TARGET_NAME)";
				SWIFT_OBJC_BRIDGING_HEADER = "$(SRCROOT)/Tests/AlicerceTests/AlicerceTests-Bridging-Header.h";
				SWIFT_VERSION = 3.0;
				VALIDATE_PRODUCT = YES;
			};
			name = Release;
		};
		0A3C2D831EA7E3E900EFB7D4 /* Debug */ = {
			isa = XCBuildConfiguration;
			buildSettings = {
				ALWAYS_SEARCH_USER_PATHS = NO;
				CLANG_ANALYZER_NONNULL = YES;
				CLANG_ANALYZER_NUMBER_OBJECT_CONVERSION = YES_AGGRESSIVE;
				CLANG_CXX_LANGUAGE_STANDARD = "gnu++0x";
				CLANG_CXX_LIBRARY = "libc++";
				CLANG_ENABLE_MODULES = YES;
				CLANG_WARN_BOOL_CONVERSION = YES;
				CLANG_WARN_CONSTANT_CONVERSION = YES;
				CLANG_WARN_DIRECT_OBJC_ISA_USAGE = YES_ERROR;
				CLANG_WARN_DOCUMENTATION_COMMENTS = YES;
				CLANG_WARN_EMPTY_BODY = YES;
				CLANG_WARN_ENUM_CONVERSION = YES;
				CLANG_WARN_INFINITE_RECURSION = YES;
				CLANG_WARN_INT_CONVERSION = YES;
				CLANG_WARN_OBJC_ROOT_CLASS = YES_ERROR;
				CLANG_WARN_SUSPICIOUS_MOVE = YES;
				CLANG_WARN_UNREACHABLE_CODE = YES;
				CLANG_WARN__DUPLICATE_METHOD_MATCH = YES;
				CODE_SIGN_IDENTITY = "";
				"CODE_SIGN_IDENTITY[sdk=iphoneos*]" = "";
				CURRENT_PROJECT_VERSION = 1;
				DEFINES_MODULE = YES;
				DEVELOPMENT_TEAM = "";
				DYLIB_COMPATIBILITY_VERSION = 1;
				DYLIB_CURRENT_VERSION = 1;
				DYLIB_INSTALL_NAME_BASE = "@rpath";
				ENABLE_STRICT_OBJC_MSGSEND = YES;
				ENABLE_TESTABILITY = YES;
				GCC_C_LANGUAGE_STANDARD = gnu99;
				GCC_DYNAMIC_NO_PIC = NO;
				GCC_NO_COMMON_BLOCKS = YES;
				GCC_PREPROCESSOR_DEFINITIONS = (
					"DEBUG=1",
					"$(inherited)",
				);
				GCC_WARN_64_TO_32_BIT_CONVERSION = YES;
				GCC_WARN_ABOUT_RETURN_TYPE = YES_ERROR;
				GCC_WARN_UNDECLARED_SELECTOR = YES;
				GCC_WARN_UNINITIALIZED_AUTOS = YES_AGGRESSIVE;
				GCC_WARN_UNUSED_FUNCTION = YES;
				GCC_WARN_UNUSED_VARIABLE = YES;
				HEADER_SEARCH_PATHS = "";
				INFOPLIST_FILE = Alicerce.xcodeproj/Alicerce_Info.plist;
				INSTALL_PATH = "$(LOCAL_LIBRARY_DIR)/Frameworks";
				IPHONEOS_DEPLOYMENT_TARGET = 8.0;
				LD_RUNPATH_SEARCH_PATHS = "$(inherited) $(TOOLCHAIN_DIR)/usr/lib/swift/iphoneos";
				MTL_ENABLE_DEBUG_INFO = YES;
				PRODUCT_BUNDLE_IDENTIFIER = com.mindera.Alicerce;
				PRODUCT_NAME = "$(TARGET_NAME)";
				PROVISIONING_PROFILE_SPECIFIER = "";
				SKIP_INSTALL = YES;
				SUPPORTED_PLATFORMS = "iphonesimulator iphoneos";
				SWIFT_ACTIVE_COMPILATION_CONDITIONS = DEBUG;
				SWIFT_TREAT_WARNINGS_AS_ERRORS = YES;
				SWIFT_VERSION = 3.0;
				TARGETED_DEVICE_FAMILY = "1,2";
				USE_HEADERMAP = YES;
				VERSIONING_SYSTEM = "apple-generic";
				VERSION_INFO_PREFIX = "";
				WARNING_CFLAGS = (
					"-Wall",
					"-Wextra",
				);
			};
			name = Debug;
		};
		0A3C2D841EA7E3E900EFB7D4 /* Release */ = {
			isa = XCBuildConfiguration;
			buildSettings = {
				ALWAYS_SEARCH_USER_PATHS = NO;
				CLANG_ANALYZER_NONNULL = YES;
				CLANG_ANALYZER_NUMBER_OBJECT_CONVERSION = YES_AGGRESSIVE;
				CLANG_CXX_LANGUAGE_STANDARD = "gnu++0x";
				CLANG_CXX_LIBRARY = "libc++";
				CLANG_ENABLE_MODULES = YES;
				CLANG_WARN_BOOL_CONVERSION = YES;
				CLANG_WARN_CONSTANT_CONVERSION = YES;
				CLANG_WARN_DIRECT_OBJC_ISA_USAGE = YES_ERROR;
				CLANG_WARN_DOCUMENTATION_COMMENTS = YES;
				CLANG_WARN_EMPTY_BODY = YES;
				CLANG_WARN_ENUM_CONVERSION = YES;
				CLANG_WARN_INFINITE_RECURSION = YES;
				CLANG_WARN_INT_CONVERSION = YES;
				CLANG_WARN_OBJC_ROOT_CLASS = YES_ERROR;
				CLANG_WARN_SUSPICIOUS_MOVE = YES;
				CLANG_WARN_UNREACHABLE_CODE = YES;
				CLANG_WARN__DUPLICATE_METHOD_MATCH = YES;
				CODE_SIGN_IDENTITY = "";
				"CODE_SIGN_IDENTITY[sdk=iphoneos*]" = "";
				COPY_PHASE_STRIP = NO;
				CURRENT_PROJECT_VERSION = 1;
				DEFINES_MODULE = YES;
				DEVELOPMENT_TEAM = "";
				DYLIB_COMPATIBILITY_VERSION = 1;
				DYLIB_CURRENT_VERSION = 1;
				DYLIB_INSTALL_NAME_BASE = "@rpath";
				ENABLE_NS_ASSERTIONS = NO;
				ENABLE_STRICT_OBJC_MSGSEND = YES;
				GCC_C_LANGUAGE_STANDARD = gnu99;
				GCC_NO_COMMON_BLOCKS = YES;
				GCC_WARN_64_TO_32_BIT_CONVERSION = YES;
				GCC_WARN_ABOUT_RETURN_TYPE = YES_ERROR;
				GCC_WARN_UNDECLARED_SELECTOR = YES;
				GCC_WARN_UNINITIALIZED_AUTOS = YES_AGGRESSIVE;
				GCC_WARN_UNUSED_FUNCTION = YES;
				GCC_WARN_UNUSED_VARIABLE = YES;
				HEADER_SEARCH_PATHS = "";
				INFOPLIST_FILE = Alicerce.xcodeproj/Alicerce_Info.plist;
				INSTALL_PATH = "$(LOCAL_LIBRARY_DIR)/Frameworks";
				IPHONEOS_DEPLOYMENT_TARGET = 8.0;
				LD_RUNPATH_SEARCH_PATHS = "$(inherited) $(TOOLCHAIN_DIR)/usr/lib/swift/iphoneos";
				MTL_ENABLE_DEBUG_INFO = NO;
				PRODUCT_BUNDLE_IDENTIFIER = com.mindera.Alicerce;
				PRODUCT_NAME = "$(TARGET_NAME)";
				PROVISIONING_PROFILE_SPECIFIER = "";
				SKIP_INSTALL = YES;
				SUPPORTED_PLATFORMS = "iphonesimulator iphoneos";
				SWIFT_TREAT_WARNINGS_AS_ERRORS = YES;
				SWIFT_VERSION = 3.0;
				TARGETED_DEVICE_FAMILY = "1,2";
				USE_HEADERMAP = YES;
				VALIDATE_PRODUCT = YES;
				VERSIONING_SYSTEM = "apple-generic";
				VERSION_INFO_PREFIX = "";
				WARNING_CFLAGS = (
					"-Wall",
					"-Wextra",
				);
			};
			name = Release;
		};
		OBJ_3 /* Debug */ = {
			isa = XCBuildConfiguration;
			buildSettings = {
				CLANG_ENABLE_OBJC_ARC = YES;
				CLANG_WARN_BLOCK_CAPTURE_AUTORELEASING = YES;
				CLANG_WARN_BOOL_CONVERSION = YES;
				CLANG_WARN_COMMA = YES;
				CLANG_WARN_CONSTANT_CONVERSION = YES;
				CLANG_WARN_EMPTY_BODY = YES;
				CLANG_WARN_ENUM_CONVERSION = YES;
				CLANG_WARN_INFINITE_RECURSION = YES;
				CLANG_WARN_INT_CONVERSION = YES;
				CLANG_WARN_NON_LITERAL_NULL_CONVERSION = YES;
				CLANG_WARN_OBJC_LITERAL_CONVERSION = YES;
				CLANG_WARN_RANGE_LOOP_ANALYSIS = YES;
				CLANG_WARN_STRICT_PROTOTYPES = YES;
				CLANG_WARN_SUSPICIOUS_MOVE = YES;
				CLANG_WARN_UNREACHABLE_CODE = YES;
				CLANG_WARN__DUPLICATE_METHOD_MATCH = YES;
				COMBINE_HIDPI_IMAGES = YES;
				COPY_PHASE_STRIP = NO;
				DEBUG_INFORMATION_FORMAT = dwarf;
				DYLIB_INSTALL_NAME_BASE = "@rpath";
				ENABLE_NS_ASSERTIONS = YES;
				ENABLE_STRICT_OBJC_MSGSEND = YES;
				ENABLE_TESTABILITY = YES;
				GCC_NO_COMMON_BLOCKS = YES;
				GCC_OPTIMIZATION_LEVEL = 0;
				GCC_TREAT_WARNINGS_AS_ERRORS = YES;
				GCC_WARN_64_TO_32_BIT_CONVERSION = YES;
				GCC_WARN_ABOUT_RETURN_TYPE = YES;
				GCC_WARN_UNDECLARED_SELECTOR = YES;
				GCC_WARN_UNINITIALIZED_AUTOS = YES;
				GCC_WARN_UNUSED_FUNCTION = YES;
				GCC_WARN_UNUSED_VARIABLE = YES;
				IPHONEOS_DEPLOYMENT_TARGET = 8.0;
				MACOSX_DEPLOYMENT_TARGET = 10.10;
				ONLY_ACTIVE_ARCH = YES;
				OTHER_SWIFT_FLAGS = "-DXcode";
				PRODUCT_NAME = "$(TARGET_NAME)";
				SDKROOT = iphoneos;
				SUPPORTED_PLATFORMS = "macosx iphoneos iphonesimulator appletvos appletvsimulator watchos watchsimulator";
				SWIFT_ACTIVE_COMPILATION_CONDITIONS = SWIFT_PACKAGE;
				SWIFT_OPTIMIZATION_LEVEL = "-Onone";
				SWIFT_VERSION = "";
				USE_HEADERMAP = YES;
			};
			name = Debug;
		};
		OBJ_4 /* Release */ = {
			isa = XCBuildConfiguration;
			buildSettings = {
				CLANG_ENABLE_OBJC_ARC = YES;
				CLANG_WARN_BLOCK_CAPTURE_AUTORELEASING = YES;
				CLANG_WARN_BOOL_CONVERSION = YES;
				CLANG_WARN_COMMA = YES;
				CLANG_WARN_CONSTANT_CONVERSION = YES;
				CLANG_WARN_EMPTY_BODY = YES;
				CLANG_WARN_ENUM_CONVERSION = YES;
				CLANG_WARN_INFINITE_RECURSION = YES;
				CLANG_WARN_INT_CONVERSION = YES;
				CLANG_WARN_NON_LITERAL_NULL_CONVERSION = YES;
				CLANG_WARN_OBJC_LITERAL_CONVERSION = YES;
				CLANG_WARN_RANGE_LOOP_ANALYSIS = YES;
				CLANG_WARN_STRICT_PROTOTYPES = YES;
				CLANG_WARN_SUSPICIOUS_MOVE = YES;
				CLANG_WARN_UNREACHABLE_CODE = YES;
				CLANG_WARN__DUPLICATE_METHOD_MATCH = YES;
				COMBINE_HIDPI_IMAGES = YES;
				COPY_PHASE_STRIP = YES;
				DEBUG_INFORMATION_FORMAT = "dwarf-with-dsym";
				DYLIB_INSTALL_NAME_BASE = "@rpath";
				ENABLE_STRICT_OBJC_MSGSEND = YES;
				GCC_NO_COMMON_BLOCKS = YES;
				GCC_OPTIMIZATION_LEVEL = s;
				GCC_TREAT_WARNINGS_AS_ERRORS = YES;
				GCC_WARN_64_TO_32_BIT_CONVERSION = YES;
				GCC_WARN_ABOUT_RETURN_TYPE = YES;
				GCC_WARN_UNDECLARED_SELECTOR = YES;
				GCC_WARN_UNINITIALIZED_AUTOS = YES;
				GCC_WARN_UNUSED_FUNCTION = YES;
				GCC_WARN_UNUSED_VARIABLE = YES;
				IPHONEOS_DEPLOYMENT_TARGET = 8.0;
				MACOSX_DEPLOYMENT_TARGET = 10.10;
				OTHER_SWIFT_FLAGS = "-DXcode";
				PRODUCT_NAME = "$(TARGET_NAME)";
				SDKROOT = iphoneos;
				SUPPORTED_PLATFORMS = "macosx iphoneos iphonesimulator appletvos appletvsimulator watchos watchsimulator";
				SWIFT_ACTIVE_COMPILATION_CONDITIONS = SWIFT_PACKAGE;
				SWIFT_OPTIMIZATION_LEVEL = "-Owholemodule";
				SWIFT_VERSION = "";
				USE_HEADERMAP = YES;
			};
			name = Release;
		};
/* End XCBuildConfiguration section */

/* Begin XCConfigurationList section */
		0A266F891ED59DC7009CD0D7 /* Build configuration list for PBXNativeTarget "AlicerceTests" */ = {
			isa = XCConfigurationList;
			buildConfigurations = (
				0A266F8A1ED59DC7009CD0D7 /* Debug */,
				0A266F8B1ED59DC7009CD0D7 /* Release */,
			);
			defaultConfigurationIsVisible = 0;
			defaultConfigurationName = Debug;
		};
		0A3C2D821EA7E3E900EFB7D4 /* Build configuration list for PBXNativeTarget "Alicerce" */ = {
			isa = XCConfigurationList;
			buildConfigurations = (
				0A3C2D831EA7E3E900EFB7D4 /* Debug */,
				0A3C2D841EA7E3E900EFB7D4 /* Release */,
			);
			defaultConfigurationIsVisible = 0;
			defaultConfigurationName = Debug;
		};
		OBJ_2 /* Build configuration list for PBXProject "Alicerce" */ = {
			isa = XCConfigurationList;
			buildConfigurations = (
				OBJ_3 /* Debug */,
				OBJ_4 /* Release */,
			);
			defaultConfigurationIsVisible = 0;
			defaultConfigurationName = Debug;
		};
/* End XCConfigurationList section */

/* Begin XCVersionGroup section */
		0A8388791EB206C800C1E835 /* CoreDataStackModel.xcdatamodeld */ = {
			isa = XCVersionGroup;
			children = (
				0A83887A1EB206C800C1E835 /* CoreDataStackModel.xcdatamodel */,
			);
			currentVersion = 0A83887A1EB206C800C1E835 /* CoreDataStackModel.xcdatamodel */;
			path = CoreDataStackModel.xcdatamodeld;
			sourceTree = "<group>";
			versionGroupType = wrapper.xcdatamodel;
		};
		0A83887C1EB206C800C1E835 /* EmptyCoreDataStackModel.xcdatamodeld */ = {
			isa = XCVersionGroup;
			children = (
				0A83887D1EB206C800C1E835 /* EmptyCoreDataStackModel.xcdatamodel */,
			);
			currentVersion = 0A83887D1EB206C800C1E835 /* EmptyCoreDataStackModel.xcdatamodel */;
			path = EmptyCoreDataStackModel.xcdatamodeld;
			sourceTree = "<group>";
			versionGroupType = wrapper.xcdatamodel;
		};
/* End XCVersionGroup section */
	};
	rootObject = OBJ_1 /* Project object */;
}
